// !$*UTF8*$!
{
	archiveVersion = 1;
	classes = {
	};
	objectVersion = 56;
	objects = {

/* Begin PBXBuildFile section */
		363ECE802A3B42A700035751 /* CaptionedPhoto.swift in Sources */ = {isa = PBXBuildFile; fileRef = 363ECE7F2A3B42A700035751 /* CaptionedPhoto.swift */; };
		3648E1A32A3AA89800FA4671 /* SettingsDetailView.swift in Sources */ = {isa = PBXBuildFile; fileRef = 3648E1A22A3AA89800FA4671 /* SettingsDetailView.swift */; };
		36B6F57E2A3B217C00CCBD5A /* KeywordBubble.swift in Sources */ = {isa = PBXBuildFile; fileRef = 36B6F57D2A3B217C00CCBD5A /* KeywordBubble.swift */; };
		36BA13B22A38C605000983D4 /* TimerView.swift in Sources */ = {isa = PBXBuildFile; fileRef = 36BA13B12A38C605000983D4 /* TimerView.swift */; };
		36BA13B62A38CF1D000983D4 /* SettingsView.swift in Sources */ = {isa = PBXBuildFile; fileRef = 36BA13B52A38CF1D000983D4 /* SettingsView.swift */; };
		36BA13B82A38D115000983D4 /* AlternativeContentView.swift in Sources */ = {isa = PBXBuildFile; fileRef = 36BA13B72A38D115000983D4 /* AlternativeContentView.swift */; };
		36BA13BB2A38D1FE000983D4 /* MyScence.swift in Sources */ = {isa = PBXBuildFile; fileRef = 36BA13BA2A38D1FE000983D4 /* MyScence.swift */; };
		36BA13BD2A38D245000983D4 /* MyAlternativeScene.swift in Sources */ = {isa = PBXBuildFile; fileRef = 36BA13BC2A38D245000983D4 /* MyAlternativeScene.swift */; };
		36BA13BF2A38D451000983D4 /* LibraryView.swift in Sources */ = {isa = PBXBuildFile; fileRef = 36BA13BE2A38D451000983D4 /* LibraryView.swift */; };
		36E1FA2D29FC15D6003F7C44 /* ShowcaseApp.swift in Sources */ = {isa = PBXBuildFile; fileRef = 36E1FA2C29FC15D6003F7C44 /* ShowcaseApp.swift */; };
		36E1FA2F29FC15D6003F7C44 /* ContentView.swift in Sources */ = {isa = PBXBuildFile; fileRef = 36E1FA2E29FC15D6003F7C44 /* ContentView.swift */; };
		36E1FA3129FC15D7003F7C44 /* Assets.xcassets in Resources */ = {isa = PBXBuildFile; fileRef = 36E1FA3029FC15D7003F7C44 /* Assets.xcassets */; };
		36E1FA3429FC15D7003F7C44 /* Preview Assets.xcassets in Resources */ = {isa = PBXBuildFile; fileRef = 36E1FA3329FC15D7003F7C44 /* Preview Assets.xcassets */; };
		36E1FA3B29FC15F6003F7C44 /* ShowcaseList.swift in Sources */ = {isa = PBXBuildFile; fileRef = 36E1FA3A29FC15F6003F7C44 /* ShowcaseList.swift */; };
		36E1FA3D29FC175B003F7C44 /* PublicPrivateView.swift in Sources */ = {isa = PBXBuildFile; fileRef = 36E1FA3C29FC175B003F7C44 /* PublicPrivateView.swift */; };
		36E1FA4129FC1F5B003F7C44 /* PrivateView.swift in Sources */ = {isa = PBXBuildFile; fileRef = 36E1FA4029FC1F5B003F7C44 /* PrivateView.swift */; };
		36E1FA4329FC1FA1003F7C44 /* PublicView.swift in Sources */ = {isa = PBXBuildFile; fileRef = 36E1FA4229FC1FA1003F7C44 /* PublicView.swift */; };
/* End PBXBuildFile section */

/* Begin PBXFileReference section */
		363ECE7F2A3B42A700035751 /* CaptionedPhoto.swift */ = {isa = PBXFileReference; lastKnownFileType = sourcecode.swift; path = CaptionedPhoto.swift; sourceTree = "<group>"; };
		3648E1A22A3AA89800FA4671 /* SettingsDetailView.swift */ = {isa = PBXFileReference; lastKnownFileType = sourcecode.swift; path = SettingsDetailView.swift; sourceTree = "<group>"; };
		36B6F57D2A3B217C00CCBD5A /* KeywordBubble.swift */ = {isa = PBXFileReference; lastKnownFileType = sourcecode.swift; path = KeywordBubble.swift; sourceTree = "<group>"; };
		36BA13B12A38C605000983D4 /* TimerView.swift */ = {isa = PBXFileReference; lastKnownFileType = sourcecode.swift; path = TimerView.swift; sourceTree = "<group>"; };
		36BA13B52A38CF1D000983D4 /* SettingsView.swift */ = {isa = PBXFileReference; lastKnownFileType = sourcecode.swift; path = SettingsView.swift; sourceTree = "<group>"; };
		36BA13B72A38D115000983D4 /* AlternativeContentView.swift */ = {isa = PBXFileReference; lastKnownFileType = sourcecode.swift; path = AlternativeContentView.swift; sourceTree = "<group>"; };
		36BA13BA2A38D1FE000983D4 /* MyScence.swift */ = {isa = PBXFileReference; lastKnownFileType = sourcecode.swift; path = MyScence.swift; sourceTree = "<group>"; };
		36BA13BC2A38D245000983D4 /* MyAlternativeScene.swift */ = {isa = PBXFileReference; lastKnownFileType = sourcecode.swift; path = MyAlternativeScene.swift; sourceTree = "<group>"; };
		36BA13BE2A38D451000983D4 /* LibraryView.swift */ = {isa = PBXFileReference; lastKnownFileType = sourcecode.swift; path = LibraryView.swift; sourceTree = "<group>"; };
		36E1FA2929FC15D6003F7C44 /* Showcase.app */ = {isa = PBXFileReference; explicitFileType = wrapper.application; includeInIndex = 0; path = Showcase.app; sourceTree = BUILT_PRODUCTS_DIR; };
		36E1FA2C29FC15D6003F7C44 /* ShowcaseApp.swift */ = {isa = PBXFileReference; lastKnownFileType = sourcecode.swift; path = ShowcaseApp.swift; sourceTree = "<group>"; };
		36E1FA2E29FC15D6003F7C44 /* ContentView.swift */ = {isa = PBXFileReference; lastKnownFileType = sourcecode.swift; path = ContentView.swift; sourceTree = "<group>"; };
		36E1FA3029FC15D7003F7C44 /* Assets.xcassets */ = {isa = PBXFileReference; lastKnownFileType = folder.assetcatalog; path = Assets.xcassets; sourceTree = "<group>"; };
		36E1FA3329FC15D7003F7C44 /* Preview Assets.xcassets */ = {isa = PBXFileReference; lastKnownFileType = folder.assetcatalog; path = "Preview Assets.xcassets"; sourceTree = "<group>"; };
		36E1FA3A29FC15F6003F7C44 /* ShowcaseList.swift */ = {isa = PBXFileReference; lastKnownFileType = sourcecode.swift; path = ShowcaseList.swift; sourceTree = "<group>"; };
		36E1FA3C29FC175B003F7C44 /* PublicPrivateView.swift */ = {isa = PBXFileReference; lastKnownFileType = sourcecode.swift; path = PublicPrivateView.swift; sourceTree = "<group>"; };
		36E1FA4029FC1F5B003F7C44 /* PrivateView.swift */ = {isa = PBXFileReference; lastKnownFileType = sourcecode.swift; path = PrivateView.swift; sourceTree = "<group>"; };
		36E1FA4229FC1FA1003F7C44 /* PublicView.swift */ = {isa = PBXFileReference; lastKnownFileType = sourcecode.swift; path = PublicView.swift; sourceTree = "<group>"; };
/* End PBXFileReference section */

/* Begin PBXFrameworksBuildPhase section */
		36E1FA2629FC15D6003F7C44 /* Frameworks */ = {
			isa = PBXFrameworksBuildPhase;
			buildActionMask = 2147483647;
			files = (
			);
			runOnlyForDeploymentPostprocessing = 0;
		};
/* End PBXFrameworksBuildPhase section */

/* Begin PBXGroup section */
		36BA13B42A38CF03000983D4 /* Views */ = {
			isa = PBXGroup;
			children = (
				36BA13B12A38C605000983D4 /* TimerView.swift */,
				36E1FA4029FC1F5B003F7C44 /* PrivateView.swift */,
				36E1FA4229FC1FA1003F7C44 /* PublicView.swift */,
				36E1FA3C29FC175B003F7C44 /* PublicPrivateView.swift */,
				36BA13B52A38CF1D000983D4 /* SettingsView.swift */,
				3648E1A22A3AA89800FA4671 /* SettingsDetailView.swift */,
				36E1FA2E29FC15D6003F7C44 /* ContentView.swift */,
				36BA13B72A38D115000983D4 /* AlternativeContentView.swift */,
				36BA13BE2A38D451000983D4 /* LibraryView.swift */,
				363ECE7F2A3B42A700035751 /* CaptionedPhoto.swift */,
				36B6F57D2A3B217C00CCBD5A /* KeywordBubble.swift */,
			);
			path = Views;
			sourceTree = "<group>";
		};
		36BA13B92A38D1F0000983D4 /* Scenes */ = {
			isa = PBXGroup;
			children = (
				36BA13BA2A38D1FE000983D4 /* MyScence.swift */,
				36BA13BC2A38D245000983D4 /* MyAlternativeScene.swift */,
			);
			name = Scenes;
			sourceTree = "<group>";
		};
		36E1FA2029FC15D6003F7C44 = {
			isa = PBXGroup;
			children = (
				36E1FA2B29FC15D6003F7C44 /* Showcase */,
				36E1FA2A29FC15D6003F7C44 /* Products */,
			);
			sourceTree = "<group>";
		};
		36E1FA2A29FC15D6003F7C44 /* Products */ = {
			isa = PBXGroup;
			children = (
				36E1FA2929FC15D6003F7C44 /* Showcase.app */,
			);
			name = Products;
			sourceTree = "<group>";
		};
		36E1FA2B29FC15D6003F7C44 /* Showcase */ = {
			isa = PBXGroup;
			children = (
				36BA13B92A38D1F0000983D4 /* Scenes */,
				36BA13B42A38CF03000983D4 /* Views */,
				36E1FA2C29FC15D6003F7C44 /* ShowcaseApp.swift */,
				36E1FA3A29FC15F6003F7C44 /* ShowcaseList.swift */,
				36E1FA3029FC15D7003F7C44 /* Assets.xcassets */,
				36E1FA3229FC15D7003F7C44 /* Preview Content */,
			);
			path = Showcase;
			sourceTree = "<group>";
		};
		36E1FA3229FC15D7003F7C44 /* Preview Content */ = {
			isa = PBXGroup;
			children = (
				36E1FA3329FC15D7003F7C44 /* Preview Assets.xcassets */,
			);
			path = "Preview Content";
			sourceTree = "<group>";
		};
/* End PBXGroup section */

/* Begin PBXNativeTarget section */
		36E1FA2829FC15D6003F7C44 /* Showcase */ = {
			isa = PBXNativeTarget;
			buildConfigurationList = 36E1FA3729FC15D7003F7C44 /* Build configuration list for PBXNativeTarget "Showcase" */;
			buildPhases = (
				36E1FA2529FC15D6003F7C44 /* Sources */,
				36E1FA2629FC15D6003F7C44 /* Frameworks */,
				36E1FA2729FC15D6003F7C44 /* Resources */,
			);
			buildRules = (
			);
			dependencies = (
			);
			name = Showcase;
			productName = Showcase;
			productReference = 36E1FA2929FC15D6003F7C44 /* Showcase.app */;
			productType = "com.apple.product-type.application";
		};
/* End PBXNativeTarget section */

/* Begin PBXProject section */
		36E1FA2129FC15D6003F7C44 /* Project object */ = {
			isa = PBXProject;
			attributes = {
				BuildIndependentTargetsInParallel = 1;
				LastSwiftUpdateCheck = 1430;
				LastUpgradeCheck = 1430;
				TargetAttributes = {
					36E1FA2829FC15D6003F7C44 = {
						CreatedOnToolsVersion = 14.3;
					};
				};
			};
			buildConfigurationList = 36E1FA2429FC15D6003F7C44 /* Build configuration list for PBXProject "Showcase" */;
			compatibilityVersion = "Xcode 14.0";
			developmentRegion = en;
			hasScannedForEncodings = 0;
			knownRegions = (
				en,
				Base,
			);
			mainGroup = 36E1FA2029FC15D6003F7C44;
			productRefGroup = 36E1FA2A29FC15D6003F7C44 /* Products */;
			projectDirPath = "";
			projectRoot = "";
			targets = (
				36E1FA2829FC15D6003F7C44 /* Showcase */,
			);
		};
/* End PBXProject section */

/* Begin PBXResourcesBuildPhase section */
		36E1FA2729FC15D6003F7C44 /* Resources */ = {
			isa = PBXResourcesBuildPhase;
			buildActionMask = 2147483647;
			files = (
				36E1FA3429FC15D7003F7C44 /* Preview Assets.xcassets in Resources */,
				36E1FA3129FC15D7003F7C44 /* Assets.xcassets in Resources */,
			);
			runOnlyForDeploymentPostprocessing = 0;
		};
/* End PBXResourcesBuildPhase section */

/* Begin PBXSourcesBuildPhase section */
		36E1FA2529FC15D6003F7C44 /* Sources */ = {
			isa = PBXSourcesBuildPhase;
			buildActionMask = 2147483647;
			files = (
				36BA13BB2A38D1FE000983D4 /* MyScence.swift in Sources */,
				36BA13B22A38C605000983D4 /* TimerView.swift in Sources */,
				3648E1A32A3AA89800FA4671 /* SettingsDetailView.swift in Sources */,
				36B6F57E2A3B217C00CCBD5A /* KeywordBubble.swift in Sources */,
				36BA13B62A38CF1D000983D4 /* SettingsView.swift in Sources */,
				36E1FA2F29FC15D6003F7C44 /* ContentView.swift in Sources */,
				36BA13BF2A38D451000983D4 /* LibraryView.swift in Sources */,
				363ECE802A3B42A700035751 /* CaptionedPhoto.swift in Sources */,
				36E1FA4329FC1FA1003F7C44 /* PublicView.swift in Sources */,
				36BA13BD2A38D245000983D4 /* MyAlternativeScene.swift in Sources */,
				36E1FA3D29FC175B003F7C44 /* PublicPrivateView.swift in Sources */,
				36BA13B82A38D115000983D4 /* AlternativeContentView.swift in Sources */,
				36E1FA2D29FC15D6003F7C44 /* ShowcaseApp.swift in Sources */,
				36E1FA3B29FC15F6003F7C44 /* ShowcaseList.swift in Sources */,
				36E1FA4129FC1F5B003F7C44 /* PrivateView.swift in Sources */,
			);
			runOnlyForDeploymentPostprocessing = 0;
		};
/* End PBXSourcesBuildPhase section */

/* Begin XCBuildConfiguration section */
		36E1FA3529FC15D7003F7C44 /* Debug */ = {
			isa = XCBuildConfiguration;
			buildSettings = {
				ALWAYS_SEARCH_USER_PATHS = NO;
				CLANG_ANALYZER_NONNULL = YES;
				CLANG_ANALYZER_NUMBER_OBJECT_CONVERSION = YES_AGGRESSIVE;
				CLANG_CXX_LANGUAGE_STANDARD = "gnu++20";
				CLANG_ENABLE_MODULES = YES;
				CLANG_ENABLE_OBJC_ARC = YES;
				CLANG_ENABLE_OBJC_WEAK = YES;
				CLANG_WARN_BLOCK_CAPTURE_AUTORELEASING = YES;
				CLANG_WARN_BOOL_CONVERSION = YES;
				CLANG_WARN_COMMA = YES;
				CLANG_WARN_CONSTANT_CONVERSION = YES;
				CLANG_WARN_DEPRECATED_OBJC_IMPLEMENTATIONS = YES;
				CLANG_WARN_DIRECT_OBJC_ISA_USAGE = YES_ERROR;
				CLANG_WARN_DOCUMENTATION_COMMENTS = YES;
				CLANG_WARN_EMPTY_BODY = YES;
				CLANG_WARN_ENUM_CONVERSION = YES;
				CLANG_WARN_INFINITE_RECURSION = YES;
				CLANG_WARN_INT_CONVERSION = YES;
				CLANG_WARN_NON_LITERAL_NULL_CONVERSION = YES;
				CLANG_WARN_OBJC_IMPLICIT_RETAIN_SELF = YES;
				CLANG_WARN_OBJC_LITERAL_CONVERSION = YES;
				CLANG_WARN_OBJC_ROOT_CLASS = YES_ERROR;
				CLANG_WARN_QUOTED_INCLUDE_IN_FRAMEWORK_HEADER = YES;
				CLANG_WARN_RANGE_LOOP_ANALYSIS = YES;
				CLANG_WARN_STRICT_PROTOTYPES = YES;
				CLANG_WARN_SUSPICIOUS_MOVE = YES;
				CLANG_WARN_UNGUARDED_AVAILABILITY = YES_AGGRESSIVE;
				CLANG_WARN_UNREACHABLE_CODE = YES;
				CLANG_WARN__DUPLICATE_METHOD_MATCH = YES;
				COPY_PHASE_STRIP = NO;
				DEBUG_INFORMATION_FORMAT = dwarf;
				ENABLE_STRICT_OBJC_MSGSEND = YES;
				ENABLE_TESTABILITY = YES;
				GCC_C_LANGUAGE_STANDARD = gnu11;
				GCC_DYNAMIC_NO_PIC = NO;
				GCC_NO_COMMON_BLOCKS = YES;
				GCC_OPTIMIZATION_LEVEL = 0;
				GCC_PREPROCESSOR_DEFINITIONS = (
					"DEBUG=1",
					"$(inherited)",
				);
				GCC_WARN_64_TO_32_BIT_CONVERSION = YES;
				GCC_WARN_ABOUT_RETURN_TYPE = YES_ERROR;
				GCC_WARN_UNDECLARED_SELECTOR = YES;
				GCC_WARN_UNINITIALIZED_AUTOS = YES_AGGRESSIVE;
				GCC_WARN_UNUSED_FUNCTION = YES;
				GCC_WARN_UNUSED_VARIABLE = YES;
				IPHONEOS_DEPLOYMENT_TARGET = 16.4;
				MTL_ENABLE_DEBUG_INFO = INCLUDE_SOURCE;
				MTL_FAST_MATH = YES;
				ONLY_ACTIVE_ARCH = YES;
				SDKROOT = iphoneos;
				SWIFT_ACTIVE_COMPILATION_CONDITIONS = DEBUG;
				SWIFT_OPTIMIZATION_LEVEL = "-Onone";
			};
			name = Debug;
		};
		36E1FA3629FC15D7003F7C44 /* Release */ = {
			isa = XCBuildConfiguration;
			buildSettings = {
				ALWAYS_SEARCH_USER_PATHS = NO;
				CLANG_ANALYZER_NONNULL = YES;
				CLANG_ANALYZER_NUMBER_OBJECT_CONVERSION = YES_AGGRESSIVE;
				CLANG_CXX_LANGUAGE_STANDARD = "gnu++20";
				CLANG_ENABLE_MODULES = YES;
				CLANG_ENABLE_OBJC_ARC = YES;
				CLANG_ENABLE_OBJC_WEAK = YES;
				CLANG_WARN_BLOCK_CAPTURE_AUTORELEASING = YES;
				CLANG_WARN_BOOL_CONVERSION = YES;
				CLANG_WARN_COMMA = YES;
				CLANG_WARN_CONSTANT_CONVERSION = YES;
				CLANG_WARN_DEPRECATED_OBJC_IMPLEMENTATIONS = YES;
				CLANG_WARN_DIRECT_OBJC_ISA_USAGE = YES_ERROR;
				CLANG_WARN_DOCUMENTATION_COMMENTS = YES;
				CLANG_WARN_EMPTY_BODY = YES;
				CLANG_WARN_ENUM_CONVERSION = YES;
				CLANG_WARN_INFINITE_RECURSION = YES;
				CLANG_WARN_INT_CONVERSION = YES;
				CLANG_WARN_NON_LITERAL_NULL_CONVERSION = YES;
				CLANG_WARN_OBJC_IMPLICIT_RETAIN_SELF = YES;
				CLANG_WARN_OBJC_LITERAL_CONVERSION = YES;
				CLANG_WARN_OBJC_ROOT_CLASS = YES_ERROR;
				CLANG_WARN_QUOTED_INCLUDE_IN_FRAMEWORK_HEADER = YES;
				CLANG_WARN_RANGE_LOOP_ANALYSIS = YES;
				CLANG_WARN_STRICT_PROTOTYPES = YES;
				CLANG_WARN_SUSPICIOUS_MOVE = YES;
				CLANG_WARN_UNGUARDED_AVAILABILITY = YES_AGGRESSIVE;
				CLANG_WARN_UNREACHABLE_CODE = YES;
				CLANG_WARN__DUPLICATE_METHOD_MATCH = YES;
				COPY_PHASE_STRIP = NO;
				DEBUG_INFORMATION_FORMAT = "dwarf-with-dsym";
				ENABLE_NS_ASSERTIONS = NO;
				ENABLE_STRICT_OBJC_MSGSEND = YES;
				GCC_C_LANGUAGE_STANDARD = gnu11;
				GCC_NO_COMMON_BLOCKS = YES;
				GCC_WARN_64_TO_32_BIT_CONVERSION = YES;
				GCC_WARN_ABOUT_RETURN_TYPE = YES_ERROR;
				GCC_WARN_UNDECLARED_SELECTOR = YES;
				GCC_WARN_UNINITIALIZED_AUTOS = YES_AGGRESSIVE;
				GCC_WARN_UNUSED_FUNCTION = YES;
				GCC_WARN_UNUSED_VARIABLE = YES;
				IPHONEOS_DEPLOYMENT_TARGET = 16.4;
				MTL_ENABLE_DEBUG_INFO = NO;
				MTL_FAST_MATH = YES;
				SDKROOT = iphoneos;
				SWIFT_COMPILATION_MODE = wholemodule;
				SWIFT_OPTIMIZATION_LEVEL = "-O";
				VALIDATE_PRODUCT = YES;
			};
			name = Release;
		};
		36E1FA3829FC15D7003F7C44 /* Debug */ = {
			isa = XCBuildConfiguration;
			buildSettings = {
				ASSETCATALOG_COMPILER_APPICON_NAME = AppIcon;
				ASSETCATALOG_COMPILER_GLOBAL_ACCENT_COLOR_NAME = AccentColor;
				CODE_SIGN_STYLE = Automatic;
				CURRENT_PROJECT_VERSION = 1;
				DEVELOPMENT_ASSET_PATHS = "\"Showcase/Preview Content\"";
				DEVELOPMENT_TEAM = 688SH2J44S;
				ENABLE_PREVIEWS = YES;
				GENERATE_INFOPLIST_FILE = YES;
				INFOPLIST_KEY_LSApplicationCategoryType = "";
				INFOPLIST_KEY_NSFaceIDUsageDescription = "To allow view private content";
				INFOPLIST_KEY_UIApplicationSceneManifest_Generation = YES;
				INFOPLIST_KEY_UIApplicationSupportsIndirectInputEvents = YES;
				INFOPLIST_KEY_UILaunchScreen_Generation = YES;
				INFOPLIST_KEY_UISupportedInterfaceOrientations_iPad = "UIInterfaceOrientationPortrait UIInterfaceOrientationPortraitUpsideDown UIInterfaceOrientationLandscapeLeft UIInterfaceOrientationLandscapeRight";
				INFOPLIST_KEY_UISupportedInterfaceOrientations_iPhone = "UIInterfaceOrientationPortrait UIInterfaceOrientationLandscapeLeft UIInterfaceOrientationLandscapeRight";
				IPHONEOS_DEPLOYMENT_TARGET = 16;
				LD_RUNPATH_SEARCH_PATHS = (
					"$(inherited)",
					"@executable_path/Frameworks",
				);
				MACOSX_DEPLOYMENT_TARGET = 13;
				MARKETING_VERSION = 1.0;
				PRODUCT_BUNDLE_IDENTIFIER = com.hanksudo.Showcase;
				PRODUCT_NAME = "$(TARGET_NAME)";
				SUPPORTED_PLATFORMS = "iphoneos iphonesimulator macosx";
				SUPPORTS_MACCATALYST = NO;
				SUPPORTS_MAC_DESIGNED_FOR_IPHONE_IPAD = NO;
				SWIFT_EMIT_LOC_STRINGS = YES;
				SWIFT_VERSION = 5.0;
				TARGETED_DEVICE_FAMILY = "1,2";
			};
			name = Debug;
		};
		36E1FA3929FC15D7003F7C44 /* Release */ = {
			isa = XCBuildConfiguration;
			buildSettings = {
				ASSETCATALOG_COMPILER_APPICON_NAME = AppIcon;
				ASSETCATALOG_COMPILER_GLOBAL_ACCENT_COLOR_NAME = AccentColor;
				CODE_SIGN_STYLE = Automatic;
				CURRENT_PROJECT_VERSION = 1;
				DEVELOPMENT_ASSET_PATHS = "\"Showcase/Preview Content\"";
				DEVELOPMENT_TEAM = 688SH2J44S;
				ENABLE_PREVIEWS = YES;
				GENERATE_INFOPLIST_FILE = YES;
				INFOPLIST_KEY_LSApplicationCategoryType = "";
				INFOPLIST_KEY_NSFaceIDUsageDescription = "To allow view private content";
				INFOPLIST_KEY_UIApplicationSceneManifest_Generation = YES;
				INFOPLIST_KEY_UIApplicationSupportsIndirectInputEvents = YES;
				INFOPLIST_KEY_UILaunchScreen_Generation = YES;
				INFOPLIST_KEY_UISupportedInterfaceOrientations_iPad = "UIInterfaceOrientationPortrait UIInterfaceOrientationPortraitUpsideDown UIInterfaceOrientationLandscapeLeft UIInterfaceOrientationLandscapeRight";
				INFOPLIST_KEY_UISupportedInterfaceOrientations_iPhone = "UIInterfaceOrientationPortrait UIInterfaceOrientationLandscapeLeft UIInterfaceOrientationLandscapeRight";
				IPHONEOS_DEPLOYMENT_TARGET = 16;
				LD_RUNPATH_SEARCH_PATHS = (
					"$(inherited)",
					"@executable_path/Frameworks",
				);
				MACOSX_DEPLOYMENT_TARGET = 13;
				MARKETING_VERSION = 1.0;
				PRODUCT_BUNDLE_IDENTIFIER = com.hanksudo.Showcase;
				PRODUCT_NAME = "$(TARGET_NAME)";
				SUPPORTED_PLATFORMS = "iphoneos iphonesimulator macosx";
				SUPPORTS_MACCATALYST = NO;
				SUPPORTS_MAC_DESIGNED_FOR_IPHONE_IPAD = NO;
				SWIFT_EMIT_LOC_STRINGS = YES;
				SWIFT_VERSION = 5.0;
				TARGETED_DEVICE_FAMILY = "1,2";
			};
			name = Release;
		};
/* End XCBuildConfiguration section */

/* Begin XCConfigurationList section */
		36E1FA2429FC15D6003F7C44 /* Build configuration list for PBXProject "Showcase" */ = {
			isa = XCConfigurationList;
			buildConfigurations = (
				36E1FA3529FC15D7003F7C44 /* Debug */,
				36E1FA3629FC15D7003F7C44 /* Release */,
			);
			defaultConfigurationIsVisible = 0;
			defaultConfigurationName = Release;
		};
		36E1FA3729FC15D7003F7C44 /* Build configuration list for PBXNativeTarget "Showcase" */ = {
			isa = XCConfigurationList;
			buildConfigurations = (
				36E1FA3829FC15D7003F7C44 /* Debug */,
				36E1FA3929FC15D7003F7C44 /* Release */,
			);
			defaultConfigurationIsVisible = 0;
			defaultConfigurationName = Release;
		};
/* End XCConfigurationList section */
	};
	rootObject = 36E1FA2129FC15D6003F7C44 /* Project object */;
}
