// !$*UTF8*$!
{
	archiveVersion = 1;
	classes = {
	};
	objectVersion = 56;
	objects = {

/* Begin PBXBuildFile section */
		361A641F2A09393800C32830 /* HexagonParameters.swift in Sources */ = {isa = PBXBuildFile; fileRef = 361A641E2A09393800C32830 /* HexagonParameters.swift */; };
		361A64212A093A6E00C32830 /* BadgeBackground.swift in Sources */ = {isa = PBXBuildFile; fileRef = 361A64202A093A6E00C32830 /* BadgeBackground.swift */; };
		361A64232A093C7C00C32830 /* BadgeSymbol.swift in Sources */ = {isa = PBXBuildFile; fileRef = 361A64222A093C7C00C32830 /* BadgeSymbol.swift */; };
		361A64252A093CDB00C32830 /* RotatedBadgeSymbol.swift in Sources */ = {isa = PBXBuildFile; fileRef = 361A64242A093CDB00C32830 /* RotatedBadgeSymbol.swift */; };
		361A64272A093D3A00C32830 /* Badge.swift in Sources */ = {isa = PBXBuildFile; fileRef = 361A64262A093D3A00C32830 /* Badge.swift */; };
		361A642A2A093FA300C32830 /* hikeData.json in Resources */ = {isa = PBXBuildFile; fileRef = 361A64292A093FA300C32830 /* hikeData.json */; };
		361A642C2A093FC400C32830 /* Hike.swift in Sources */ = {isa = PBXBuildFile; fileRef = 361A642B2A093FC400C32830 /* Hike.swift */; };
		361A64322A09411E00C32830 /* GraphCapsule.swift in Sources */ = {isa = PBXBuildFile; fileRef = 361A642E2A09411E00C32830 /* GraphCapsule.swift */; };
		361A64332A09411E00C32830 /* HikeGraph.swift in Sources */ = {isa = PBXBuildFile; fileRef = 361A642F2A09411E00C32830 /* HikeGraph.swift */; };
		361A64342A09411E00C32830 /* HikeDetail.swift in Sources */ = {isa = PBXBuildFile; fileRef = 361A64302A09411E00C32830 /* HikeDetail.swift */; };
		361A64352A09411E00C32830 /* HikeView.swift in Sources */ = {isa = PBXBuildFile; fileRef = 361A64312A09411E00C32830 /* HikeView.swift */; };
		361A64382A09FD5D00C32830 /* CategoryHome.swift in Sources */ = {isa = PBXBuildFile; fileRef = 361A64372A09FD5D00C32830 /* CategoryHome.swift */; };
		361A643A2A0A007100C32830 /* CategoryRow.swift in Sources */ = {isa = PBXBuildFile; fileRef = 361A64392A0A007100C32830 /* CategoryRow.swift */; };
		361A643C2A0A020200C32830 /* CategoryItem.swift in Sources */ = {isa = PBXBuildFile; fileRef = 361A643B2A0A020200C32830 /* CategoryItem.swift */; };
		36281EBE2A35A2860039C90B /* LandmarkList.swift in Sources */ = {isa = PBXBuildFile; fileRef = 36281EBD2A35A2860039C90B /* LandmarkList.swift */; };
		3633BAFF2A35A95400703B6A /* LandmarkCommands.swift in Sources */ = {isa = PBXBuildFile; fileRef = 3633BAFE2A35A95400703B6A /* LandmarkCommands.swift */; };
		3633BB002A35A95A00703B6A /* LandmarkCommands.swift in Sources */ = {isa = PBXBuildFile; fileRef = 3633BAFE2A35A95400703B6A /* LandmarkCommands.swift */; };
		365A073629F98EBF00E2601D /* CircleImage.swift in Sources */ = {isa = PBXBuildFile; fileRef = 365A073529F98EBF00E2601D /* CircleImage.swift */; };
		365A073829F98FC300E2601D /* MapView.swift in Sources */ = {isa = PBXBuildFile; fileRef = 365A073729F98FC300E2601D /* MapView.swift */; };
		3675D3872A0A25A30017DB1B /* ProfileEditor.swift in Sources */ = {isa = PBXBuildFile; fileRef = 3675D3862A0A25A30017DB1B /* ProfileEditor.swift */; };
		36A6A92B29FBB7550053533A /* Landmark.swift in Sources */ = {isa = PBXBuildFile; fileRef = 36A6A92A29FBB7550053533A /* Landmark.swift */; };
		36A6A92D29FBB9A60053533A /* ModelData.swift in Sources */ = {isa = PBXBuildFile; fileRef = 36A6A92C29FBB9A60053533A /* ModelData.swift */; };
		36A6A92F29FBBCAA0053533A /* LandmarkRow.swift in Sources */ = {isa = PBXBuildFile; fileRef = 36A6A92E29FBBCAA0053533A /* LandmarkRow.swift */; };
		36A6A93129FBC3730053533A /* LandmarkList.swift in Sources */ = {isa = PBXBuildFile; fileRef = 36A6A93029FBC3730053533A /* LandmarkList.swift */; };
		36A6A93329FBC6460053533A /* LandmarkDetail.swift in Sources */ = {isa = PBXBuildFile; fileRef = 36A6A93229FBC6460053533A /* LandmarkDetail.swift */; };
		36B35BD52A34C074006FB860 /* PageControl.swift in Sources */ = {isa = PBXBuildFile; fileRef = 36B35BD42A34C074006FB860 /* PageControl.swift */; };
		36BED41A29F989B10010F8EC /* LandmarksSwiftUIApp.swift in Sources */ = {isa = PBXBuildFile; fileRef = 36BED41929F989B10010F8EC /* LandmarksSwiftUIApp.swift */; };
		36BED41C29F989B10010F8EC /* ContentView.swift in Sources */ = {isa = PBXBuildFile; fileRef = 36BED41B29F989B10010F8EC /* ContentView.swift */; };
		36BED41E29F989B20010F8EC /* Assets.xcassets in Resources */ = {isa = PBXBuildFile; fileRef = 36BED41D29F989B20010F8EC /* Assets.xcassets */; };
		36BED42129F989B20010F8EC /* Preview Assets.xcassets in Resources */ = {isa = PBXBuildFile; fileRef = 36BED42029F989B20010F8EC /* Preview Assets.xcassets */; };
		36D8BFD029FA810300FCA084 /* landmarkData.json in Resources */ = {isa = PBXBuildFile; fileRef = 36D8BFCF29FA810300FCA084 /* landmarkData.json */; };
		36DE973D2A0A1DBD007FE7E0 /* Profile.swift in Sources */ = {isa = PBXBuildFile; fileRef = 36DE973C2A0A1DBC007FE7E0 /* Profile.swift */; };
		36DE97402A0A2152007FE7E0 /* ProfileHost.swift in Sources */ = {isa = PBXBuildFile; fileRef = 36DE973F2A0A2152007FE7E0 /* ProfileHost.swift */; };
		36DE97422A0A2181007FE7E0 /* ProfileSummary.swift in Sources */ = {isa = PBXBuildFile; fileRef = 36DE97412A0A2181007FE7E0 /* ProfileSummary.swift */; };
		36DE97442A0A2221007FE7E0 /* HikeBadge.swift in Sources */ = {isa = PBXBuildFile; fileRef = 36DE97432A0A2220007FE7E0 /* HikeBadge.swift */; };
		36E1FA1D29FC12E5003F7C44 /* FavoriteButton.swift in Sources */ = {isa = PBXBuildFile; fileRef = 36E1FA1C29FC12E5003F7C44 /* FavoriteButton.swift */; };
		36E342D32A0A90FB00FAAFB5 /* PageViewController.swift in Sources */ = {isa = PBXBuildFile; fileRef = 36E342D22A0A90FB00FAAFB5 /* PageViewController.swift */; };
		36E342D52A0A962A00FAAFB5 /* FeatureCard.swift in Sources */ = {isa = PBXBuildFile; fileRef = 36E342D42A0A962A00FAAFB5 /* FeatureCard.swift */; };
		36E342D72A0A96F300FAAFB5 /* PageView.swift in Sources */ = {isa = PBXBuildFile; fileRef = 36E342D62A0A96F300FAAFB5 /* PageView.swift */; };
		36E5AEB42A34D18C00400C0D /* ContentView.swift in Sources */ = {isa = PBXBuildFile; fileRef = 36E5AEB32A34D18C00400C0D /* ContentView.swift */; };
		36E5AEB62A34D18E00400C0D /* Assets.xcassets in Resources */ = {isa = PBXBuildFile; fileRef = 36E5AEB52A34D18E00400C0D /* Assets.xcassets */; };
		36E5AEB92A34D18E00400C0D /* Preview Assets.xcassets in Resources */ = {isa = PBXBuildFile; fileRef = 36E5AEB82A34D18E00400C0D /* Preview Assets.xcassets */; };
		36E5AEBC2A34D18E00400C0D /* WatchLandmarks Watch App.app in Embed Watch Content */ = {isa = PBXBuildFile; fileRef = 36E5AEAF2A34D18C00400C0D /* WatchLandmarks Watch App.app */; settings = {ATTRIBUTES = (RemoveHeadersOnCopy, ); }; };
		36E5AEC12A34D2AA00400C0D /* hikeData.json in Resources */ = {isa = PBXBuildFile; fileRef = 361A64292A093FA300C32830 /* hikeData.json */; };
		36E5AEC22A34D2AA00400C0D /* Hike.swift in Sources */ = {isa = PBXBuildFile; fileRef = 361A642B2A093FC400C32830 /* Hike.swift */; };
		36E5AEC32A34D2AA00400C0D /* ModelData.swift in Sources */ = {isa = PBXBuildFile; fileRef = 36A6A92C29FBB9A60053533A /* ModelData.swift */; };
		36E5AEC42A34D2AA00400C0D /* Assets.xcassets in Resources */ = {isa = PBXBuildFile; fileRef = 36BED41D29F989B20010F8EC /* Assets.xcassets */; };
		36E5AEC52A34D2AA00400C0D /* LandmarkRow.swift in Sources */ = {isa = PBXBuildFile; fileRef = 36A6A92E29FBBCAA0053533A /* LandmarkRow.swift */; };
		36E5AEC62A34D2AA00400C0D /* landmarkData.json in Resources */ = {isa = PBXBuildFile; fileRef = 36D8BFCF29FA810300FCA084 /* landmarkData.json */; };
		36E5AEC72A34D2AA00400C0D /* CircleImage.swift in Sources */ = {isa = PBXBuildFile; fileRef = 365A073529F98EBF00E2601D /* CircleImage.swift */; };
		36E5AEC82A34D2AA00400C0D /* Profile.swift in Sources */ = {isa = PBXBuildFile; fileRef = 36DE973C2A0A1DBC007FE7E0 /* Profile.swift */; };
		36E5AEC92A34D2AA00400C0D /* MapView.swift in Sources */ = {isa = PBXBuildFile; fileRef = 365A073729F98FC300E2601D /* MapView.swift */; };
		36E5AECA2A34D2AA00400C0D /* LandmarksSwiftUIApp.swift in Sources */ = {isa = PBXBuildFile; fileRef = 36BED41929F989B10010F8EC /* LandmarksSwiftUIApp.swift */; };
		36E5AECC2A34D2AA00400C0D /* Landmark.swift in Sources */ = {isa = PBXBuildFile; fileRef = 36A6A92A29FBB7550053533A /* Landmark.swift */; };
		36E5AECE2A34D34100400C0D /* LandmarkDetail.swift in Sources */ = {isa = PBXBuildFile; fileRef = 36E5AECD2A34D34100400C0D /* LandmarkDetail.swift */; };
		36E5AED02A358A2400400C0D /* NotificationView.swift in Sources */ = {isa = PBXBuildFile; fileRef = 36E5AECF2A358A2400400C0D /* NotificationView.swift */; };
		36E5AED22A358A3000400C0D /* NotificationController.swift in Sources */ = {isa = PBXBuildFile; fileRef = 36E5AED12A358A3000400C0D /* NotificationController.swift */; };
		36E5AED42A358A9500400C0D /* PushNotificationPayload.apns in Resources */ = {isa = PBXBuildFile; fileRef = 36E5AED32A358A9500400C0D /* PushNotificationPayload.apns */; };
		36E5AEDE2A35956900400C0D /* ContentView.swift in Sources */ = {isa = PBXBuildFile; fileRef = 36E5AEDD2A35956900400C0D /* ContentView.swift */; };
		36E5AEE02A35956B00400C0D /* Assets.xcassets in Resources */ = {isa = PBXBuildFile; fileRef = 36E5AEDF2A35956B00400C0D /* Assets.xcassets */; };
		36E5AEE32A35956B00400C0D /* Preview Assets.xcassets in Resources */ = {isa = PBXBuildFile; fileRef = 36E5AEE22A35956B00400C0D /* Preview Assets.xcassets */; };
		36E5AEE82A35968600400C0D /* Landmark.swift in Sources */ = {isa = PBXBuildFile; fileRef = 36A6A92A29FBB7550053533A /* Landmark.swift */; };
		36E5AEE92A35968600400C0D /* Assets.xcassets in Resources */ = {isa = PBXBuildFile; fileRef = 36BED41D29F989B20010F8EC /* Assets.xcassets */; };
		36E5AEEA2A35968600400C0D /* Hike.swift in Sources */ = {isa = PBXBuildFile; fileRef = 361A642B2A093FC400C32830 /* Hike.swift */; };
		36E5AEEB2A35968600400C0D /* MapView.swift in Sources */ = {isa = PBXBuildFile; fileRef = 365A073729F98FC300E2601D /* MapView.swift */; };
		36E5AEEC2A35968600400C0D /* Profile.swift in Sources */ = {isa = PBXBuildFile; fileRef = 36DE973C2A0A1DBC007FE7E0 /* Profile.swift */; };
		36E5AEED2A35968600400C0D /* CircleImage.swift in Sources */ = {isa = PBXBuildFile; fileRef = 365A073529F98EBF00E2601D /* CircleImage.swift */; };
		36E5AEEE2A35968600400C0D /* ModelData.swift in Sources */ = {isa = PBXBuildFile; fileRef = 36A6A92C29FBB9A60053533A /* ModelData.swift */; };
		36E5AEEF2A35968600400C0D /* hikeData.json in Resources */ = {isa = PBXBuildFile; fileRef = 361A64292A093FA300C32830 /* hikeData.json */; };
		36E5AEF02A35968600400C0D /* LandmarksSwiftUIApp.swift in Sources */ = {isa = PBXBuildFile; fileRef = 36BED41929F989B10010F8EC /* LandmarksSwiftUIApp.swift */; };
		36E5AEF12A35968600400C0D /* LandmarkList.swift in Sources */ = {isa = PBXBuildFile; fileRef = 36A6A93029FBC3730053533A /* LandmarkList.swift */; };
		36E5AEF22A35968600400C0D /* FavoriteButton.swift in Sources */ = {isa = PBXBuildFile; fileRef = 36E1FA1C29FC12E5003F7C44 /* FavoriteButton.swift */; };
		36E5AEF32A35968600400C0D /* LandmarkRow.swift in Sources */ = {isa = PBXBuildFile; fileRef = 36A6A92E29FBBCAA0053533A /* LandmarkRow.swift */; };
		36E5AEF42A35968600400C0D /* landmarkData.json in Resources */ = {isa = PBXBuildFile; fileRef = 36D8BFCF29FA810300FCA084 /* landmarkData.json */; };
		36E5AEF62A35973C00400C0D /* LandmarkDetail.swift in Sources */ = {isa = PBXBuildFile; fileRef = 36E5AEF52A35973C00400C0D /* LandmarkDetail.swift */; };
/* End PBXBuildFile section */

/* Begin PBXContainerItemProxy section */
		36E5AEBA2A34D18E00400C0D /* PBXContainerItemProxy */ = {
			isa = PBXContainerItemProxy;
			containerPortal = 36BED40E29F989B10010F8EC /* Project object */;
			proxyType = 1;
			remoteGlobalIDString = 36E5AEAE2A34D18C00400C0D;
			remoteInfo = "WatchLandmarks Watch App";
		};
/* End PBXContainerItemProxy section */

/* Begin PBXCopyFilesBuildPhase section */
		36E5AEBD2A34D18E00400C0D /* Embed Watch Content */ = {
			isa = PBXCopyFilesBuildPhase;
			buildActionMask = 2147483647;
			dstPath = "$(CONTENTS_FOLDER_PATH)/Watch";
			dstSubfolderSpec = 16;
			files = (
				36E5AEBC2A34D18E00400C0D /* WatchLandmarks Watch App.app in Embed Watch Content */,
			);
			name = "Embed Watch Content";
			runOnlyForDeploymentPostprocessing = 0;
		};
/* End PBXCopyFilesBuildPhase section */

/* Begin PBXFileReference section */
		361A641E2A09393800C32830 /* HexagonParameters.swift */ = {isa = PBXFileReference; lastKnownFileType = sourcecode.swift; path = HexagonParameters.swift; sourceTree = "<group>"; };
		361A64202A093A6E00C32830 /* BadgeBackground.swift */ = {isa = PBXFileReference; lastKnownFileType = sourcecode.swift; path = BadgeBackground.swift; sourceTree = "<group>"; };
		361A64222A093C7C00C32830 /* BadgeSymbol.swift */ = {isa = PBXFileReference; lastKnownFileType = sourcecode.swift; path = BadgeSymbol.swift; sourceTree = "<group>"; };
		361A64242A093CDB00C32830 /* RotatedBadgeSymbol.swift */ = {isa = PBXFileReference; lastKnownFileType = sourcecode.swift; path = RotatedBadgeSymbol.swift; sourceTree = "<group>"; };
		361A64262A093D3A00C32830 /* Badge.swift */ = {isa = PBXFileReference; lastKnownFileType = sourcecode.swift; path = Badge.swift; sourceTree = "<group>"; };
		361A64292A093FA300C32830 /* hikeData.json */ = {isa = PBXFileReference; fileEncoding = 4; lastKnownFileType = text.json; path = hikeData.json; sourceTree = "<group>"; };
		361A642B2A093FC400C32830 /* Hike.swift */ = {isa = PBXFileReference; lastKnownFileType = sourcecode.swift; path = Hike.swift; sourceTree = "<group>"; };
		361A642E2A09411E00C32830 /* GraphCapsule.swift */ = {isa = PBXFileReference; fileEncoding = 4; lastKnownFileType = sourcecode.swift; path = GraphCapsule.swift; sourceTree = "<group>"; };
		361A642F2A09411E00C32830 /* HikeGraph.swift */ = {isa = PBXFileReference; fileEncoding = 4; lastKnownFileType = sourcecode.swift; path = HikeGraph.swift; sourceTree = "<group>"; };
		361A64302A09411E00C32830 /* HikeDetail.swift */ = {isa = PBXFileReference; fileEncoding = 4; lastKnownFileType = sourcecode.swift; path = HikeDetail.swift; sourceTree = "<group>"; };
		361A64312A09411E00C32830 /* HikeView.swift */ = {isa = PBXFileReference; fileEncoding = 4; lastKnownFileType = sourcecode.swift; path = HikeView.swift; sourceTree = "<group>"; };
		361A64372A09FD5D00C32830 /* CategoryHome.swift */ = {isa = PBXFileReference; lastKnownFileType = sourcecode.swift; path = CategoryHome.swift; sourceTree = "<group>"; };
		361A64392A0A007100C32830 /* CategoryRow.swift */ = {isa = PBXFileReference; lastKnownFileType = sourcecode.swift; path = CategoryRow.swift; sourceTree = "<group>"; };
		361A643B2A0A020200C32830 /* CategoryItem.swift */ = {isa = PBXFileReference; lastKnownFileType = sourcecode.swift; path = CategoryItem.swift; sourceTree = "<group>"; };
		36281EBD2A35A2860039C90B /* LandmarkList.swift */ = {isa = PBXFileReference; lastKnownFileType = sourcecode.swift; path = LandmarkList.swift; sourceTree = "<group>"; };
		3633BAFE2A35A95400703B6A /* LandmarkCommands.swift */ = {isa = PBXFileReference; lastKnownFileType = sourcecode.swift; path = LandmarkCommands.swift; sourceTree = "<group>"; };
		365A073529F98EBF00E2601D /* CircleImage.swift */ = {isa = PBXFileReference; lastKnownFileType = sourcecode.swift; path = CircleImage.swift; sourceTree = "<group>"; };
		365A073729F98FC300E2601D /* MapView.swift */ = {isa = PBXFileReference; lastKnownFileType = sourcecode.swift; path = MapView.swift; sourceTree = "<group>"; };
		3675D3862A0A25A30017DB1B /* ProfileEditor.swift */ = {isa = PBXFileReference; lastKnownFileType = sourcecode.swift; path = ProfileEditor.swift; sourceTree = "<group>"; };
		36A6A92A29FBB7550053533A /* Landmark.swift */ = {isa = PBXFileReference; lastKnownFileType = sourcecode.swift; path = Landmark.swift; sourceTree = "<group>"; };
		36A6A92C29FBB9A60053533A /* ModelData.swift */ = {isa = PBXFileReference; lastKnownFileType = sourcecode.swift; path = ModelData.swift; sourceTree = "<group>"; };
		36A6A92E29FBBCAA0053533A /* LandmarkRow.swift */ = {isa = PBXFileReference; lastKnownFileType = sourcecode.swift; path = LandmarkRow.swift; sourceTree = "<group>"; };
		36A6A93029FBC3730053533A /* LandmarkList.swift */ = {isa = PBXFileReference; lastKnownFileType = sourcecode.swift; path = LandmarkList.swift; sourceTree = "<group>"; };
		36A6A93229FBC6460053533A /* LandmarkDetail.swift */ = {isa = PBXFileReference; lastKnownFileType = sourcecode.swift; path = LandmarkDetail.swift; sourceTree = "<group>"; };
		36B35BD42A34C074006FB860 /* PageControl.swift */ = {isa = PBXFileReference; lastKnownFileType = sourcecode.swift; path = PageControl.swift; sourceTree = "<group>"; };
		36BED41629F989B10010F8EC /* LandmarksSwiftUI.app */ = {isa = PBXFileReference; explicitFileType = wrapper.application; includeInIndex = 0; path = LandmarksSwiftUI.app; sourceTree = BUILT_PRODUCTS_DIR; };
		36BED41929F989B10010F8EC /* LandmarksSwiftUIApp.swift */ = {isa = PBXFileReference; lastKnownFileType = sourcecode.swift; path = LandmarksSwiftUIApp.swift; sourceTree = "<group>"; };
		36BED41B29F989B10010F8EC /* ContentView.swift */ = {isa = PBXFileReference; lastKnownFileType = sourcecode.swift; path = ContentView.swift; sourceTree = "<group>"; };
		36BED41D29F989B20010F8EC /* Assets.xcassets */ = {isa = PBXFileReference; lastKnownFileType = folder.assetcatalog; path = Assets.xcassets; sourceTree = "<group>"; };
		36BED42029F989B20010F8EC /* Preview Assets.xcassets */ = {isa = PBXFileReference; lastKnownFileType = folder.assetcatalog; path = "Preview Assets.xcassets"; sourceTree = "<group>"; };
		36D8BFCF29FA810300FCA084 /* landmarkData.json */ = {isa = PBXFileReference; fileEncoding = 4; lastKnownFileType = text.json; path = landmarkData.json; sourceTree = "<group>"; };
		36DE973C2A0A1DBC007FE7E0 /* Profile.swift */ = {isa = PBXFileReference; lastKnownFileType = sourcecode.swift; path = Profile.swift; sourceTree = "<group>"; };
		36DE973F2A0A2152007FE7E0 /* ProfileHost.swift */ = {isa = PBXFileReference; lastKnownFileType = sourcecode.swift; path = ProfileHost.swift; sourceTree = "<group>"; };
		36DE97412A0A2181007FE7E0 /* ProfileSummary.swift */ = {isa = PBXFileReference; lastKnownFileType = sourcecode.swift; path = ProfileSummary.swift; sourceTree = "<group>"; };
		36DE97432A0A2220007FE7E0 /* HikeBadge.swift */ = {isa = PBXFileReference; lastKnownFileType = sourcecode.swift; path = HikeBadge.swift; sourceTree = "<group>"; };
		36E1FA1C29FC12E5003F7C44 /* FavoriteButton.swift */ = {isa = PBXFileReference; lastKnownFileType = sourcecode.swift; path = FavoriteButton.swift; sourceTree = "<group>"; };
		36E342D22A0A90FB00FAAFB5 /* PageViewController.swift */ = {isa = PBXFileReference; lastKnownFileType = sourcecode.swift; path = PageViewController.swift; sourceTree = "<group>"; };
		36E342D42A0A962A00FAAFB5 /* FeatureCard.swift */ = {isa = PBXFileReference; lastKnownFileType = sourcecode.swift; path = FeatureCard.swift; sourceTree = "<group>"; };
		36E342D62A0A96F300FAAFB5 /* PageView.swift */ = {isa = PBXFileReference; lastKnownFileType = sourcecode.swift; path = PageView.swift; sourceTree = "<group>"; };
		36E5AEAF2A34D18C00400C0D /* WatchLandmarks Watch App.app */ = {isa = PBXFileReference; explicitFileType = wrapper.application; includeInIndex = 0; path = "WatchLandmarks Watch App.app"; sourceTree = BUILT_PRODUCTS_DIR; };
		36E5AEB32A34D18C00400C0D /* ContentView.swift */ = {isa = PBXFileReference; lastKnownFileType = sourcecode.swift; path = ContentView.swift; sourceTree = "<group>"; };
		36E5AEB52A34D18E00400C0D /* Assets.xcassets */ = {isa = PBXFileReference; lastKnownFileType = folder.assetcatalog; path = Assets.xcassets; sourceTree = "<group>"; };
		36E5AEB82A34D18E00400C0D /* Preview Assets.xcassets */ = {isa = PBXFileReference; lastKnownFileType = folder.assetcatalog; path = "Preview Assets.xcassets"; sourceTree = "<group>"; };
		36E5AECD2A34D34100400C0D /* LandmarkDetail.swift */ = {isa = PBXFileReference; lastKnownFileType = sourcecode.swift; path = LandmarkDetail.swift; sourceTree = "<group>"; };
		36E5AECF2A358A2400400C0D /* NotificationView.swift */ = {isa = PBXFileReference; lastKnownFileType = sourcecode.swift; path = NotificationView.swift; sourceTree = "<group>"; };
		36E5AED12A358A3000400C0D /* NotificationController.swift */ = {isa = PBXFileReference; lastKnownFileType = sourcecode.swift; path = NotificationController.swift; sourceTree = "<group>"; };
		36E5AED32A358A9500400C0D /* PushNotificationPayload.apns */ = {isa = PBXFileReference; lastKnownFileType = text; path = PushNotificationPayload.apns; sourceTree = "<group>"; };
		36E5AED92A35956900400C0D /* MacLandmarks.app */ = {isa = PBXFileReference; explicitFileType = wrapper.application; includeInIndex = 0; path = MacLandmarks.app; sourceTree = BUILT_PRODUCTS_DIR; };
		36E5AEDD2A35956900400C0D /* ContentView.swift */ = {isa = PBXFileReference; lastKnownFileType = sourcecode.swift; path = ContentView.swift; sourceTree = "<group>"; };
		36E5AEDF2A35956B00400C0D /* Assets.xcassets */ = {isa = PBXFileReference; lastKnownFileType = folder.assetcatalog; path = Assets.xcassets; sourceTree = "<group>"; };
		36E5AEE22A35956B00400C0D /* Preview Assets.xcassets */ = {isa = PBXFileReference; lastKnownFileType = folder.assetcatalog; path = "Preview Assets.xcassets"; sourceTree = "<group>"; };
		36E5AEE42A35956B00400C0D /* MacLandmarks.entitlements */ = {isa = PBXFileReference; lastKnownFileType = text.plist.entitlements; path = MacLandmarks.entitlements; sourceTree = "<group>"; };
		36E5AEF52A35973C00400C0D /* LandmarkDetail.swift */ = {isa = PBXFileReference; lastKnownFileType = sourcecode.swift; path = LandmarkDetail.swift; sourceTree = "<group>"; };
/* End PBXFileReference section */

/* Begin PBXFrameworksBuildPhase section */
		36BED41329F989B10010F8EC /* Frameworks */ = {
			isa = PBXFrameworksBuildPhase;
			buildActionMask = 2147483647;
			files = (
			);
			runOnlyForDeploymentPostprocessing = 0;
		};
		36E5AEAC2A34D18C00400C0D /* Frameworks */ = {
			isa = PBXFrameworksBuildPhase;
			buildActionMask = 2147483647;
			files = (
			);
			runOnlyForDeploymentPostprocessing = 0;
		};
		36E5AED62A35956900400C0D /* Frameworks */ = {
			isa = PBXFrameworksBuildPhase;
			buildActionMask = 2147483647;
			files = (
			);
			runOnlyForDeploymentPostprocessing = 0;
		};
/* End PBXFrameworksBuildPhase section */

/* Begin PBXGroup section */
		361A64282A093DC700C32830 /* Badges */ = {
			isa = PBXGroup;
			children = (
				361A641E2A09393800C32830 /* HexagonParameters.swift */,
				361A64202A093A6E00C32830 /* BadgeBackground.swift */,
				361A64222A093C7C00C32830 /* BadgeSymbol.swift */,
				361A64242A093CDB00C32830 /* RotatedBadgeSymbol.swift */,
				361A64262A093D3A00C32830 /* Badge.swift */,
			);
			path = Badges;
			sourceTree = "<group>";
		};
		361A642D2A09411E00C32830 /* Hikes */ = {
			isa = PBXGroup;
			children = (
				361A642E2A09411E00C32830 /* GraphCapsule.swift */,
				361A642F2A09411E00C32830 /* HikeGraph.swift */,
				361A64302A09411E00C32830 /* HikeDetail.swift */,
				361A64312A09411E00C32830 /* HikeView.swift */,
				36DE97432A0A2220007FE7E0 /* HikeBadge.swift */,
			);
			path = Hikes;
			sourceTree = "<group>";
		};
		361A64362A09FD5400C32830 /* Categories */ = {
			isa = PBXGroup;
			children = (
				361A64372A09FD5D00C32830 /* CategoryHome.swift */,
				361A64392A0A007100C32830 /* CategoryRow.swift */,
				361A643B2A0A020200C32830 /* CategoryItem.swift */,
			);
			path = Categories;
			sourceTree = "<group>";
		};
		36A6A92729FBB70C0053533A /* Resources */ = {
			isa = PBXGroup;
			children = (
				36D8BFCF29FA810300FCA084 /* landmarkData.json */,
				361A64292A093FA300C32830 /* hikeData.json */,
			);
			path = Resources;
			sourceTree = "<group>";
		};
		36A6A92829FBB7130053533A /* Views */ = {
			isa = PBXGroup;
			children = (
				36E342D12A0A90E600FAAFB5 /* PageView */,
				36DE973E2A0A2146007FE7E0 /* Profiles */,
				361A64362A09FD5400C32830 /* Categories */,
				361A642D2A09411E00C32830 /* Hikes */,
				36E1FA1F29FC1364003F7C44 /* Helpers */,
				36E1FA1E29FC135D003F7C44 /* Landmarks */,
				36BED41B29F989B10010F8EC /* ContentView.swift */,
				361A64282A093DC700C32830 /* Badges */,
			);
			path = Views;
			sourceTree = "<group>";
		};
		36A6A92929FBB7170053533A /* Models */ = {
			isa = PBXGroup;
			children = (
				36A6A92A29FBB7550053533A /* Landmark.swift */,
				36A6A92C29FBB9A60053533A /* ModelData.swift */,
				361A642B2A093FC400C32830 /* Hike.swift */,
				36DE973C2A0A1DBC007FE7E0 /* Profile.swift */,
			);
			path = Models;
			sourceTree = "<group>";
		};
		36BED40D29F989B10010F8EC = {
			isa = PBXGroup;
			children = (
				36BED41829F989B10010F8EC /* LandmarksSwiftUI */,
				36E5AEB02A34D18C00400C0D /* WatchLandmarks Watch App */,
				36E5AEDA2A35956900400C0D /* MacLandmarks */,
				36BED41729F989B10010F8EC /* Products */,
			);
			sourceTree = "<group>";
		};
		36BED41729F989B10010F8EC /* Products */ = {
			isa = PBXGroup;
			children = (
				36BED41629F989B10010F8EC /* LandmarksSwiftUI.app */,
				36E5AEAF2A34D18C00400C0D /* WatchLandmarks Watch App.app */,
				36E5AED92A35956900400C0D /* MacLandmarks.app */,
			);
			name = Products;
			sourceTree = "<group>";
		};
		36BED41829F989B10010F8EC /* LandmarksSwiftUI */ = {
			isa = PBXGroup;
			children = (
				36BED41929F989B10010F8EC /* LandmarksSwiftUIApp.swift */,
				36A6A92929FBB7170053533A /* Models */,
				36A6A92829FBB7130053533A /* Views */,
				36A6A92729FBB70C0053533A /* Resources */,
				36BED41D29F989B20010F8EC /* Assets.xcassets */,
				36BED41F29F989B20010F8EC /* Preview Content */,
			);
			path = LandmarksSwiftUI;
			sourceTree = "<group>";
		};
		36BED41F29F989B20010F8EC /* Preview Content */ = {
			isa = PBXGroup;
			children = (
				36BED42029F989B20010F8EC /* Preview Assets.xcassets */,
			);
			path = "Preview Content";
			sourceTree = "<group>";
		};
		36DE973E2A0A2146007FE7E0 /* Profiles */ = {
			isa = PBXGroup;
			children = (
				36DE973F2A0A2152007FE7E0 /* ProfileHost.swift */,
				3675D3862A0A25A30017DB1B /* ProfileEditor.swift */,
				36DE97412A0A2181007FE7E0 /* ProfileSummary.swift */,
			);
			path = Profiles;
			sourceTree = "<group>";
		};
		36E1FA1E29FC135D003F7C44 /* Landmarks */ = {
			isa = PBXGroup;
			children = (
				36A6A92E29FBBCAA0053533A /* LandmarkRow.swift */,
				36A6A93029FBC3730053533A /* LandmarkList.swift */,
				36A6A93229FBC6460053533A /* LandmarkDetail.swift */,
			);
			path = Landmarks;
			sourceTree = "<group>";
		};
		36E1FA1F29FC1364003F7C44 /* Helpers */ = {
			isa = PBXGroup;
			children = (
				365A073529F98EBF00E2601D /* CircleImage.swift */,
				365A073729F98FC300E2601D /* MapView.swift */,
				36E1FA1C29FC12E5003F7C44 /* FavoriteButton.swift */,
			);
			path = Helpers;
			sourceTree = "<group>";
		};
		36E342D12A0A90E600FAAFB5 /* PageView */ = {
			isa = PBXGroup;
			children = (
				36E342D22A0A90FB00FAAFB5 /* PageViewController.swift */,
				36E342D42A0A962A00FAAFB5 /* FeatureCard.swift */,
				36E342D62A0A96F300FAAFB5 /* PageView.swift */,
				36B35BD42A34C074006FB860 /* PageControl.swift */,
			);
			path = PageView;
			sourceTree = "<group>";
		};
		36E5AEB02A34D18C00400C0D /* WatchLandmarks Watch App */ = {
			isa = PBXGroup;
			children = (
				36E5AEB32A34D18C00400C0D /* ContentView.swift */,
				36E5AEB52A34D18E00400C0D /* Assets.xcassets */,
				36E5AEB72A34D18E00400C0D /* Preview Content */,
				36E5AECD2A34D34100400C0D /* LandmarkDetail.swift */,
				36E5AECF2A358A2400400C0D /* NotificationView.swift */,
				36E5AED12A358A3000400C0D /* NotificationController.swift */,
				36E5AED32A358A9500400C0D /* PushNotificationPayload.apns */,
				36281EBD2A35A2860039C90B /* LandmarkList.swift */,
			);
			path = "WatchLandmarks Watch App";
			sourceTree = "<group>";
		};
		36E5AEB72A34D18E00400C0D /* Preview Content */ = {
			isa = PBXGroup;
			children = (
				36E5AEB82A34D18E00400C0D /* Preview Assets.xcassets */,
			);
			path = "Preview Content";
			sourceTree = "<group>";
		};
		36E5AEDA2A35956900400C0D /* MacLandmarks */ = {
			isa = PBXGroup;
			children = (
				36E5AEDD2A35956900400C0D /* ContentView.swift */,
				36E5AEDF2A35956B00400C0D /* Assets.xcassets */,
				36E5AEE42A35956B00400C0D /* MacLandmarks.entitlements */,
				36E5AEE12A35956B00400C0D /* Preview Content */,
				36E5AEF52A35973C00400C0D /* LandmarkDetail.swift */,
				3633BAFE2A35A95400703B6A /* LandmarkCommands.swift */,
			);
			path = MacLandmarks;
			sourceTree = "<group>";
		};
		36E5AEE12A35956B00400C0D /* Preview Content */ = {
			isa = PBXGroup;
			children = (
				36E5AEE22A35956B00400C0D /* Preview Assets.xcassets */,
			);
			path = "Preview Content";
			sourceTree = "<group>";
		};
/* End PBXGroup section */

/* Begin PBXNativeTarget section */
		36BED41529F989B10010F8EC /* LandmarksSwiftUI */ = {
			isa = PBXNativeTarget;
			buildConfigurationList = 36BED42429F989B20010F8EC /* Build configuration list for PBXNativeTarget "LandmarksSwiftUI" */;
			buildPhases = (
				36BED41229F989B10010F8EC /* Sources */,
				36BED41329F989B10010F8EC /* Frameworks */,
				36BED41429F989B10010F8EC /* Resources */,
				36E5AEBD2A34D18E00400C0D /* Embed Watch Content */,
			);
			buildRules = (
			);
			dependencies = (
				36E5AEBB2A34D18E00400C0D /* PBXTargetDependency */,
			);
			name = LandmarksSwiftUI;
			productName = LandmarksSwiftUI;
			productReference = 36BED41629F989B10010F8EC /* LandmarksSwiftUI.app */;
			productType = "com.apple.product-type.application";
		};
		36E5AEAE2A34D18C00400C0D /* WatchLandmarks Watch App */ = {
			isa = PBXNativeTarget;
			buildConfigurationList = 36E5AEC02A34D18E00400C0D /* Build configuration list for PBXNativeTarget "WatchLandmarks Watch App" */;
			buildPhases = (
				36E5AEAB2A34D18C00400C0D /* Sources */,
				36E5AEAC2A34D18C00400C0D /* Frameworks */,
				36E5AEAD2A34D18C00400C0D /* Resources */,
			);
			buildRules = (
			);
			dependencies = (
			);
			name = "WatchLandmarks Watch App";
			productName = "WatchLandmarks Watch App";
			productReference = 36E5AEAF2A34D18C00400C0D /* WatchLandmarks Watch App.app */;
			productType = "com.apple.product-type.application";
		};
		36E5AED82A35956900400C0D /* MacLandmarks */ = {
			isa = PBXNativeTarget;
			buildConfigurationList = 36E5AEE52A35956B00400C0D /* Build configuration list for PBXNativeTarget "MacLandmarks" */;
			buildPhases = (
				36E5AED52A35956900400C0D /* Sources */,
				36E5AED62A35956900400C0D /* Frameworks */,
				36E5AED72A35956900400C0D /* Resources */,
			);
			buildRules = (
			);
			dependencies = (
			);
			name = MacLandmarks;
			productName = MacLandmarks;
			productReference = 36E5AED92A35956900400C0D /* MacLandmarks.app */;
			productType = "com.apple.product-type.application";
		};
/* End PBXNativeTarget section */

/* Begin PBXProject section */
		36BED40E29F989B10010F8EC /* Project object */ = {
			isa = PBXProject;
			attributes = {
				BuildIndependentTargetsInParallel = 1;
				LastSwiftUpdateCheck = 1430;
				LastUpgradeCheck = 1420;
				TargetAttributes = {
					36BED41529F989B10010F8EC = {
						CreatedOnToolsVersion = 14.2;
					};
					36E5AEAE2A34D18C00400C0D = {
						CreatedOnToolsVersion = 14.3.1;
					};
					36E5AED82A35956900400C0D = {
						CreatedOnToolsVersion = 14.3.1;
					};
				};
			};
			buildConfigurationList = 36BED41129F989B10010F8EC /* Build configuration list for PBXProject "LandmarksSwiftUI" */;
			compatibilityVersion = "Xcode 14.0";
			developmentRegion = en;
			hasScannedForEncodings = 0;
			knownRegions = (
				en,
				Base,
			);
			mainGroup = 36BED40D29F989B10010F8EC;
			productRefGroup = 36BED41729F989B10010F8EC /* Products */;
			projectDirPath = "";
			projectRoot = "";
			targets = (
				36BED41529F989B10010F8EC /* LandmarksSwiftUI */,
				36E5AEAE2A34D18C00400C0D /* WatchLandmarks Watch App */,
				36E5AED82A35956900400C0D /* MacLandmarks */,
			);
		};
/* End PBXProject section */

/* Begin PBXResourcesBuildPhase section */
		36BED41429F989B10010F8EC /* Resources */ = {
			isa = PBXResourcesBuildPhase;
			buildActionMask = 2147483647;
			files = (
				361A642A2A093FA300C32830 /* hikeData.json in Resources */,
				36BED42129F989B20010F8EC /* Preview Assets.xcassets in Resources */,
				36BED41E29F989B20010F8EC /* Assets.xcassets in Resources */,
				36D8BFD029FA810300FCA084 /* landmarkData.json in Resources */,
			);
			runOnlyForDeploymentPostprocessing = 0;
		};
		36E5AEAD2A34D18C00400C0D /* Resources */ = {
			isa = PBXResourcesBuildPhase;
			buildActionMask = 2147483647;
			files = (
				36E5AEB92A34D18E00400C0D /* Preview Assets.xcassets in Resources */,
				36E5AEC12A34D2AA00400C0D /* hikeData.json in Resources */,
				36E5AEC42A34D2AA00400C0D /* Assets.xcassets in Resources */,
				36E5AEC62A34D2AA00400C0D /* landmarkData.json in Resources */,
				36E5AEB62A34D18E00400C0D /* Assets.xcassets in Resources */,
				36E5AED42A358A9500400C0D /* PushNotificationPayload.apns in Resources */,
			);
			runOnlyForDeploymentPostprocessing = 0;
		};
		36E5AED72A35956900400C0D /* Resources */ = {
			isa = PBXResourcesBuildPhase;
			buildActionMask = 2147483647;
			files = (
				36E5AEEF2A35968600400C0D /* hikeData.json in Resources */,
				36E5AEE32A35956B00400C0D /* Preview Assets.xcassets in Resources */,
				36E5AEE92A35968600400C0D /* Assets.xcassets in Resources */,
				36E5AEF42A35968600400C0D /* landmarkData.json in Resources */,
				36E5AEE02A35956B00400C0D /* Assets.xcassets in Resources */,
			);
			runOnlyForDeploymentPostprocessing = 0;
		};
/* End PBXResourcesBuildPhase section */

/* Begin PBXSourcesBuildPhase section */
		36BED41229F989B10010F8EC /* Sources */ = {
			isa = PBXSourcesBuildPhase;
			buildActionMask = 2147483647;
			files = (
				361A643A2A0A007100C32830 /* CategoryRow.swift in Sources */,
				36DE973D2A0A1DBD007FE7E0 /* Profile.swift in Sources */,
				3633BB002A35A95A00703B6A /* LandmarkCommands.swift in Sources */,
				36BED41C29F989B10010F8EC /* ContentView.swift in Sources */,
				361A64382A09FD5D00C32830 /* CategoryHome.swift in Sources */,
				36E342D52A0A962A00FAAFB5 /* FeatureCard.swift in Sources */,
				361A64332A09411E00C32830 /* HikeGraph.swift in Sources */,
				361A64272A093D3A00C32830 /* Badge.swift in Sources */,
				365A073829F98FC300E2601D /* MapView.swift in Sources */,
				361A64322A09411E00C32830 /* GraphCapsule.swift in Sources */,
				36BED41A29F989B10010F8EC /* LandmarksSwiftUIApp.swift in Sources */,
				36B35BD52A34C074006FB860 /* PageControl.swift in Sources */,
				36E1FA1D29FC12E5003F7C44 /* FavoriteButton.swift in Sources */,
				361A643C2A0A020200C32830 /* CategoryItem.swift in Sources */,
				361A64342A09411E00C32830 /* HikeDetail.swift in Sources */,
				36DE97422A0A2181007FE7E0 /* ProfileSummary.swift in Sources */,
				361A641F2A09393800C32830 /* HexagonParameters.swift in Sources */,
				36DE97402A0A2152007FE7E0 /* ProfileHost.swift in Sources */,
				361A642C2A093FC400C32830 /* Hike.swift in Sources */,
				361A64252A093CDB00C32830 /* RotatedBadgeSymbol.swift in Sources */,
				36E342D72A0A96F300FAAFB5 /* PageView.swift in Sources */,
				361A64232A093C7C00C32830 /* BadgeSymbol.swift in Sources */,
				3675D3872A0A25A30017DB1B /* ProfileEditor.swift in Sources */,
				36A6A93129FBC3730053533A /* LandmarkList.swift in Sources */,
				361A64352A09411E00C32830 /* HikeView.swift in Sources */,
				36A6A93329FBC6460053533A /* LandmarkDetail.swift in Sources */,
				36E342D32A0A90FB00FAAFB5 /* PageViewController.swift in Sources */,
				361A64212A093A6E00C32830 /* BadgeBackground.swift in Sources */,
				36DE97442A0A2221007FE7E0 /* HikeBadge.swift in Sources */,
				365A073629F98EBF00E2601D /* CircleImage.swift in Sources */,
				36A6A92B29FBB7550053533A /* Landmark.swift in Sources */,
				36A6A92F29FBBCAA0053533A /* LandmarkRow.swift in Sources */,
				36A6A92D29FBB9A60053533A /* ModelData.swift in Sources */,
			);
			runOnlyForDeploymentPostprocessing = 0;
		};
		36E5AEAB2A34D18C00400C0D /* Sources */ = {
			isa = PBXSourcesBuildPhase;
			buildActionMask = 2147483647;
			files = (
				36E5AEC92A34D2AA00400C0D /* MapView.swift in Sources */,
				36E5AEC22A34D2AA00400C0D /* Hike.swift in Sources */,
				36E5AEC82A34D2AA00400C0D /* Profile.swift in Sources */,
				36281EBE2A35A2860039C90B /* LandmarkList.swift in Sources */,
				36E5AEB42A34D18C00400C0D /* ContentView.swift in Sources */,
				36E5AEC52A34D2AA00400C0D /* LandmarkRow.swift in Sources */,
				36E5AECA2A34D2AA00400C0D /* LandmarksSwiftUIApp.swift in Sources */,
				36E5AEC32A34D2AA00400C0D /* ModelData.swift in Sources */,
				36E5AEC72A34D2AA00400C0D /* CircleImage.swift in Sources */,
				36E5AED22A358A3000400C0D /* NotificationController.swift in Sources */,
				36E5AECC2A34D2AA00400C0D /* Landmark.swift in Sources */,
				36E5AECE2A34D34100400C0D /* LandmarkDetail.swift in Sources */,
				36E5AED02A358A2400400C0D /* NotificationView.swift in Sources */,
			);
			runOnlyForDeploymentPostprocessing = 0;
		};
		36E5AED52A35956900400C0D /* Sources */ = {
			isa = PBXSourcesBuildPhase;
			buildActionMask = 2147483647;
			files = (
				36E5AEEA2A35968600400C0D /* Hike.swift in Sources */,
				36E5AEEC2A35968600400C0D /* Profile.swift in Sources */,
				36E5AEEB2A35968600400C0D /* MapView.swift in Sources */,
				36E5AEF22A35968600400C0D /* FavoriteButton.swift in Sources */,
				3633BAFF2A35A95400703B6A /* LandmarkCommands.swift in Sources */,
				36E5AEF62A35973C00400C0D /* LandmarkDetail.swift in Sources */,
				36E5AEDE2A35956900400C0D /* ContentView.swift in Sources */,
				36E5AEF12A35968600400C0D /* LandmarkList.swift in Sources */,
				36E5AEE82A35968600400C0D /* Landmark.swift in Sources */,
				36E5AEF02A35968600400C0D /* LandmarksSwiftUIApp.swift in Sources */,
				36E5AEF32A35968600400C0D /* LandmarkRow.swift in Sources */,
				36E5AEED2A35968600400C0D /* CircleImage.swift in Sources */,
				36E5AEEE2A35968600400C0D /* ModelData.swift in Sources */,
			);
			runOnlyForDeploymentPostprocessing = 0;
		};
/* End PBXSourcesBuildPhase section */

/* Begin PBXTargetDependency section */
		36E5AEBB2A34D18E00400C0D /* PBXTargetDependency */ = {
			isa = PBXTargetDependency;
			target = 36E5AEAE2A34D18C00400C0D /* WatchLandmarks Watch App */;
			targetProxy = 36E5AEBA2A34D18E00400C0D /* PBXContainerItemProxy */;
		};
/* End PBXTargetDependency section */

/* Begin XCBuildConfiguration section */
		36BED42229F989B20010F8EC /* Debug */ = {
			isa = XCBuildConfiguration;
			buildSettings = {
				ALWAYS_SEARCH_USER_PATHS = NO;
				CLANG_ANALYZER_NONNULL = YES;
				CLANG_ANALYZER_NUMBER_OBJECT_CONVERSION = YES_AGGRESSIVE;
				CLANG_CXX_LANGUAGE_STANDARD = "gnu++20";
				CLANG_ENABLE_MODULES = YES;
				CLANG_ENABLE_OBJC_ARC = YES;
				CLANG_ENABLE_OBJC_WEAK = YES;
				CLANG_WARN_BLOCK_CAPTURE_AUTORELEASING = YES;
				CLANG_WARN_BOOL_CONVERSION = YES;
				CLANG_WARN_COMMA = YES;
				CLANG_WARN_CONSTANT_CONVERSION = YES;
				CLANG_WARN_DEPRECATED_OBJC_IMPLEMENTATIONS = YES;
				CLANG_WARN_DIRECT_OBJC_ISA_USAGE = YES_ERROR;
				CLANG_WARN_DOCUMENTATION_COMMENTS = YES;
				CLANG_WARN_EMPTY_BODY = YES;
				CLANG_WARN_ENUM_CONVERSION = YES;
				CLANG_WARN_INFINITE_RECURSION = YES;
				CLANG_WARN_INT_CONVERSION = YES;
				CLANG_WARN_NON_LITERAL_NULL_CONVERSION = YES;
				CLANG_WARN_OBJC_IMPLICIT_RETAIN_SELF = YES;
				CLANG_WARN_OBJC_LITERAL_CONVERSION = YES;
				CLANG_WARN_OBJC_ROOT_CLASS = YES_ERROR;
				CLANG_WARN_QUOTED_INCLUDE_IN_FRAMEWORK_HEADER = YES;
				CLANG_WARN_RANGE_LOOP_ANALYSIS = YES;
				CLANG_WARN_STRICT_PROTOTYPES = YES;
				CLANG_WARN_SUSPICIOUS_MOVE = YES;
				CLANG_WARN_UNGUARDED_AVAILABILITY = YES_AGGRESSIVE;
				CLANG_WARN_UNREACHABLE_CODE = YES;
				CLANG_WARN__DUPLICATE_METHOD_MATCH = YES;
				COPY_PHASE_STRIP = NO;
				DEBUG_INFORMATION_FORMAT = dwarf;
				ENABLE_STRICT_OBJC_MSGSEND = YES;
				ENABLE_TESTABILITY = YES;
				GCC_C_LANGUAGE_STANDARD = gnu11;
				GCC_DYNAMIC_NO_PIC = NO;
				GCC_NO_COMMON_BLOCKS = YES;
				GCC_OPTIMIZATION_LEVEL = 0;
				GCC_PREPROCESSOR_DEFINITIONS = (
					"DEBUG=1",
					"$(inherited)",
				);
				GCC_WARN_64_TO_32_BIT_CONVERSION = YES;
				GCC_WARN_ABOUT_RETURN_TYPE = YES_ERROR;
				GCC_WARN_UNDECLARED_SELECTOR = YES;
				GCC_WARN_UNINITIALIZED_AUTOS = YES_AGGRESSIVE;
				GCC_WARN_UNUSED_FUNCTION = YES;
				GCC_WARN_UNUSED_VARIABLE = YES;
				IPHONEOS_DEPLOYMENT_TARGET = 16.2;
				MTL_ENABLE_DEBUG_INFO = INCLUDE_SOURCE;
				MTL_FAST_MATH = YES;
				ONLY_ACTIVE_ARCH = YES;
				SDKROOT = iphoneos;
				SWIFT_ACTIVE_COMPILATION_CONDITIONS = DEBUG;
				SWIFT_OPTIMIZATION_LEVEL = "-Onone";
			};
			name = Debug;
		};
		36BED42329F989B20010F8EC /* Release */ = {
			isa = XCBuildConfiguration;
			buildSettings = {
				ALWAYS_SEARCH_USER_PATHS = NO;
				CLANG_ANALYZER_NONNULL = YES;
				CLANG_ANALYZER_NUMBER_OBJECT_CONVERSION = YES_AGGRESSIVE;
				CLANG_CXX_LANGUAGE_STANDARD = "gnu++20";
				CLANG_ENABLE_MODULES = YES;
				CLANG_ENABLE_OBJC_ARC = YES;
				CLANG_ENABLE_OBJC_WEAK = YES;
				CLANG_WARN_BLOCK_CAPTURE_AUTORELEASING = YES;
				CLANG_WARN_BOOL_CONVERSION = YES;
				CLANG_WARN_COMMA = YES;
				CLANG_WARN_CONSTANT_CONVERSION = YES;
				CLANG_WARN_DEPRECATED_OBJC_IMPLEMENTATIONS = YES;
				CLANG_WARN_DIRECT_OBJC_ISA_USAGE = YES_ERROR;
				CLANG_WARN_DOCUMENTATION_COMMENTS = YES;
				CLANG_WARN_EMPTY_BODY = YES;
				CLANG_WARN_ENUM_CONVERSION = YES;
				CLANG_WARN_INFINITE_RECURSION = YES;
				CLANG_WARN_INT_CONVERSION = YES;
				CLANG_WARN_NON_LITERAL_NULL_CONVERSION = YES;
				CLANG_WARN_OBJC_IMPLICIT_RETAIN_SELF = YES;
				CLANG_WARN_OBJC_LITERAL_CONVERSION = YES;
				CLANG_WARN_OBJC_ROOT_CLASS = YES_ERROR;
				CLANG_WARN_QUOTED_INCLUDE_IN_FRAMEWORK_HEADER = YES;
				CLANG_WARN_RANGE_LOOP_ANALYSIS = YES;
				CLANG_WARN_STRICT_PROTOTYPES = YES;
				CLANG_WARN_SUSPICIOUS_MOVE = YES;
				CLANG_WARN_UNGUARDED_AVAILABILITY = YES_AGGRESSIVE;
				CLANG_WARN_UNREACHABLE_CODE = YES;
				CLANG_WARN__DUPLICATE_METHOD_MATCH = YES;
				COPY_PHASE_STRIP = NO;
				DEBUG_INFORMATION_FORMAT = "dwarf-with-dsym";
				ENABLE_NS_ASSERTIONS = NO;
				ENABLE_STRICT_OBJC_MSGSEND = YES;
				GCC_C_LANGUAGE_STANDARD = gnu11;
				GCC_NO_COMMON_BLOCKS = YES;
				GCC_WARN_64_TO_32_BIT_CONVERSION = YES;
				GCC_WARN_ABOUT_RETURN_TYPE = YES_ERROR;
				GCC_WARN_UNDECLARED_SELECTOR = YES;
				GCC_WARN_UNINITIALIZED_AUTOS = YES_AGGRESSIVE;
				GCC_WARN_UNUSED_FUNCTION = YES;
				GCC_WARN_UNUSED_VARIABLE = YES;
				IPHONEOS_DEPLOYMENT_TARGET = 16.2;
				MTL_ENABLE_DEBUG_INFO = NO;
				MTL_FAST_MATH = YES;
				SDKROOT = iphoneos;
				SWIFT_COMPILATION_MODE = wholemodule;
				SWIFT_OPTIMIZATION_LEVEL = "-O";
				VALIDATE_PRODUCT = YES;
			};
			name = Release;
		};
		36BED42529F989B20010F8EC /* Debug */ = {
			isa = XCBuildConfiguration;
			buildSettings = {
				ALWAYS_EMBED_SWIFT_STANDARD_LIBRARIES = YES;
				ASSETCATALOG_COMPILER_APPICON_NAME = AppIcon;
				ASSETCATALOG_COMPILER_GLOBAL_ACCENT_COLOR_NAME = AccentColor;
				CODE_SIGN_STYLE = Automatic;
				CURRENT_PROJECT_VERSION = 1;
				DEVELOPMENT_ASSET_PATHS = "\"LandmarksSwiftUI/Preview Content\"";
				DEVELOPMENT_TEAM = 688SH2J44S;
				ENABLE_PREVIEWS = YES;
				GENERATE_INFOPLIST_FILE = YES;
				INFOPLIST_KEY_UIApplicationSceneManifest_Generation = YES;
				INFOPLIST_KEY_UIApplicationSupportsIndirectInputEvents = YES;
				INFOPLIST_KEY_UILaunchScreen_Generation = YES;
				INFOPLIST_KEY_UISupportedInterfaceOrientations_iPad = "UIInterfaceOrientationPortrait UIInterfaceOrientationPortraitUpsideDown UIInterfaceOrientationLandscapeLeft UIInterfaceOrientationLandscapeRight";
				INFOPLIST_KEY_UISupportedInterfaceOrientations_iPhone = "UIInterfaceOrientationPortrait UIInterfaceOrientationLandscapeLeft UIInterfaceOrientationLandscapeRight";
				LD_RUNPATH_SEARCH_PATHS = (
					"$(inherited)",
					"@executable_path/Frameworks",
				);
				MARKETING_VERSION = 1.0;
				PRODUCT_BUNDLE_IDENTIFIER = "com.hanksudo.landmarks-swiftui.LandmarksSwiftUI";
				PRODUCT_NAME = "$(TARGET_NAME)";
				SWIFT_EMIT_LOC_STRINGS = YES;
				SWIFT_VERSION = 5.0;
				TARGETED_DEVICE_FAMILY = "1,2";
			};
			name = Debug;
		};
		36BED42629F989B20010F8EC /* Release */ = {
			isa = XCBuildConfiguration;
			buildSettings = {
				ALWAYS_EMBED_SWIFT_STANDARD_LIBRARIES = YES;
				ASSETCATALOG_COMPILER_APPICON_NAME = AppIcon;
				ASSETCATALOG_COMPILER_GLOBAL_ACCENT_COLOR_NAME = AccentColor;
				CODE_SIGN_STYLE = Automatic;
				CURRENT_PROJECT_VERSION = 1;
				DEVELOPMENT_ASSET_PATHS = "\"LandmarksSwiftUI/Preview Content\"";
				DEVELOPMENT_TEAM = 688SH2J44S;
				ENABLE_PREVIEWS = YES;
				GENERATE_INFOPLIST_FILE = YES;
				INFOPLIST_KEY_UIApplicationSceneManifest_Generation = YES;
				INFOPLIST_KEY_UIApplicationSupportsIndirectInputEvents = YES;
				INFOPLIST_KEY_UILaunchScreen_Generation = YES;
				INFOPLIST_KEY_UISupportedInterfaceOrientations_iPad = "UIInterfaceOrientationPortrait UIInterfaceOrientationPortraitUpsideDown UIInterfaceOrientationLandscapeLeft UIInterfaceOrientationLandscapeRight";
				INFOPLIST_KEY_UISupportedInterfaceOrientations_iPhone = "UIInterfaceOrientationPortrait UIInterfaceOrientationLandscapeLeft UIInterfaceOrientationLandscapeRight";
				LD_RUNPATH_SEARCH_PATHS = (
					"$(inherited)",
					"@executable_path/Frameworks",
				);
				MARKETING_VERSION = 1.0;
				PRODUCT_BUNDLE_IDENTIFIER = "com.hanksudo.landmarks-swiftui.LandmarksSwiftUI";
				PRODUCT_NAME = "$(TARGET_NAME)";
				SWIFT_EMIT_LOC_STRINGS = YES;
				SWIFT_VERSION = 5.0;
				TARGETED_DEVICE_FAMILY = "1,2";
			};
			name = Release;
		};
		36E5AEBE2A34D18E00400C0D /* Debug */ = {
			isa = XCBuildConfiguration;
			buildSettings = {
				ASSETCATALOG_COMPILER_APPICON_NAME = AppIcon;
				ASSETCATALOG_COMPILER_GLOBAL_ACCENT_COLOR_NAME = AccentColor;
				CODE_SIGN_STYLE = Automatic;
				CURRENT_PROJECT_VERSION = 1;
				DEVELOPMENT_ASSET_PATHS = "\"WatchLandmarks Watch App/Preview Content\"";
				DEVELOPMENT_TEAM = 688SH2J44S;
				ENABLE_PREVIEWS = YES;
				GENERATE_INFOPLIST_FILE = YES;
				INFOPLIST_KEY_CFBundleDisplayName = WatchLandmarks;
				INFOPLIST_KEY_UISupportedInterfaceOrientations = "UIInterfaceOrientationPortrait UIInterfaceOrientationPortraitUpsideDown";
				INFOPLIST_KEY_WKCompanionAppBundleIdentifier = "com.hanksudo.landmarks-swiftui.LandmarksSwiftUI";
				INFOPLIST_KEY_WKRunsIndependentlyOfCompanionApp = YES;
				LD_RUNPATH_SEARCH_PATHS = (
					"$(inherited)",
					"@executable_path/Frameworks",
				);
				MARKETING_VERSION = 1.0;
				PRODUCT_BUNDLE_IDENTIFIER = "com.hanksudo.landmarks-swiftui.LandmarksSwiftUI.WatchLandmarks";
				PRODUCT_NAME = "$(TARGET_NAME)";
				SDKROOT = watchos;
				SKIP_INSTALL = YES;
				SWIFT_EMIT_LOC_STRINGS = YES;
				SWIFT_VERSION = 5.0;
				TARGETED_DEVICE_FAMILY = 4;
				WATCHOS_DEPLOYMENT_TARGET = 9.4;
			};
			name = Debug;
		};
		36E5AEBF2A34D18E00400C0D /* Release */ = {
			isa = XCBuildConfiguration;
			buildSettings = {
				ASSETCATALOG_COMPILER_APPICON_NAME = AppIcon;
				ASSETCATALOG_COMPILER_GLOBAL_ACCENT_COLOR_NAME = AccentColor;
				CODE_SIGN_STYLE = Automatic;
				CURRENT_PROJECT_VERSION = 1;
				DEVELOPMENT_ASSET_PATHS = "\"WatchLandmarks Watch App/Preview Content\"";
				DEVELOPMENT_TEAM = 688SH2J44S;
				ENABLE_PREVIEWS = YES;
				GENERATE_INFOPLIST_FILE = YES;
				INFOPLIST_KEY_CFBundleDisplayName = WatchLandmarks;
				INFOPLIST_KEY_UISupportedInterfaceOrientations = "UIInterfaceOrientationPortrait UIInterfaceOrientationPortraitUpsideDown";
				INFOPLIST_KEY_WKCompanionAppBundleIdentifier = "com.hanksudo.landmarks-swiftui.LandmarksSwiftUI";
				INFOPLIST_KEY_WKRunsIndependentlyOfCompanionApp = YES;
				LD_RUNPATH_SEARCH_PATHS = (
					"$(inherited)",
					"@executable_path/Frameworks",
				);
				MARKETING_VERSION = 1.0;
				PRODUCT_BUNDLE_IDENTIFIER = "com.hanksudo.landmarks-swiftui.LandmarksSwiftUI.WatchLandmarks";
				PRODUCT_NAME = "$(TARGET_NAME)";
				SDKROOT = watchos;
				SKIP_INSTALL = YES;
				SWIFT_EMIT_LOC_STRINGS = YES;
				SWIFT_VERSION = 5.0;
				TARGETED_DEVICE_FAMILY = 4;
				WATCHOS_DEPLOYMENT_TARGET = 9.4;
			};
			name = Release;
		};
		36E5AEE62A35956B00400C0D /* Debug */ = {
			isa = XCBuildConfiguration;
			buildSettings = {
				ASSETCATALOG_COMPILER_APPICON_NAME = AppIcon;
				ASSETCATALOG_COMPILER_GLOBAL_ACCENT_COLOR_NAME = AccentColor;
				CODE_SIGN_ENTITLEMENTS = MacLandmarks/MacLandmarks.entitlements;
				CODE_SIGN_STYLE = Automatic;
				COMBINE_HIDPI_IMAGES = YES;
				CURRENT_PROJECT_VERSION = 1;
				DEVELOPMENT_ASSET_PATHS = "\"MacLandmarks/Preview Content\"";
				DEVELOPMENT_TEAM = 688SH2J44S;
				ENABLE_HARDENED_RUNTIME = YES;
				ENABLE_PREVIEWS = YES;
				GENERATE_INFOPLIST_FILE = YES;
				INFOPLIST_KEY_NSHumanReadableCopyright = "";
				LD_RUNPATH_SEARCH_PATHS = (
					"$(inherited)",
					"@executable_path/../Frameworks",
				);
				MACOSX_DEPLOYMENT_TARGET = 13.0;
				MARKETING_VERSION = 1.0;
				PRODUCT_BUNDLE_IDENTIFIER = com.hanksudo.MacLandmarks;
				PRODUCT_NAME = "$(TARGET_NAME)";
				SDKROOT = macosx;
				SWIFT_EMIT_LOC_STRINGS = YES;
				SWIFT_VERSION = 5.0;
			};
			name = Debug;
		};
		36E5AEE72A35956B00400C0D /* Release */ = {
			isa = XCBuildConfiguration;
			buildSettings = {
				ASSETCATALOG_COMPILER_APPICON_NAME = AppIcon;
				ASSETCATALOG_COMPILER_GLOBAL_ACCENT_COLOR_NAME = AccentColor;
				CODE_SIGN_ENTITLEMENTS = MacLandmarks/MacLandmarks.entitlements;
				CODE_SIGN_STYLE = Automatic;
				COMBINE_HIDPI_IMAGES = YES;
				CURRENT_PROJECT_VERSION = 1;
				DEVELOPMENT_ASSET_PATHS = "\"MacLandmarks/Preview Content\"";
				DEVELOPMENT_TEAM = 688SH2J44S;
				ENABLE_HARDENED_RUNTIME = YES;
				ENABLE_PREVIEWS = YES;
				GENERATE_INFOPLIST_FILE = YES;
				INFOPLIST_KEY_NSHumanReadableCopyright = "";
				LD_RUNPATH_SEARCH_PATHS = (
					"$(inherited)",
					"@executable_path/../Frameworks",
				);
				MACOSX_DEPLOYMENT_TARGET = 13.0;
				MARKETING_VERSION = 1.0;
				PRODUCT_BUNDLE_IDENTIFIER = com.hanksudo.MacLandmarks;
				PRODUCT_NAME = "$(TARGET_NAME)";
				SDKROOT = macosx;
				SWIFT_EMIT_LOC_STRINGS = YES;
				SWIFT_VERSION = 5.0;
			};
			name = Release;
		};
/* End XCBuildConfiguration section */

/* Begin XCConfigurationList section */
		36BED41129F989B10010F8EC /* Build configuration list for PBXProject "LandmarksSwiftUI" */ = {
			isa = XCConfigurationList;
			buildConfigurations = (
				36BED42229F989B20010F8EC /* Debug */,
				36BED42329F989B20010F8EC /* Release */,
			);
			defaultConfigurationIsVisible = 0;
			defaultConfigurationName = Release;
		};
		36BED42429F989B20010F8EC /* Build configuration list for PBXNativeTarget "LandmarksSwiftUI" */ = {
			isa = XCConfigurationList;
			buildConfigurations = (
				36BED42529F989B20010F8EC /* Debug */,
				36BED42629F989B20010F8EC /* Release */,
			);
			defaultConfigurationIsVisible = 0;
			defaultConfigurationName = Release;
		};
		36E5AEC02A34D18E00400C0D /* Build configuration list for PBXNativeTarget "WatchLandmarks Watch App" */ = {
			isa = XCConfigurationList;
			buildConfigurations = (
				36E5AEBE2A34D18E00400C0D /* Debug */,
				36E5AEBF2A34D18E00400C0D /* Release */,
			);
			defaultConfigurationIsVisible = 0;
			defaultConfigurationName = Release;
		};
		36E5AEE52A35956B00400C0D /* Build configuration list for PBXNativeTarget "MacLandmarks" */ = {
			isa = XCConfigurationList;
			buildConfigurations = (
				36E5AEE62A35956B00400C0D /* Debug */,
				36E5AEE72A35956B00400C0D /* Release */,
			);
			defaultConfigurationIsVisible = 0;
			defaultConfigurationName = Release;
		};
/* End XCConfigurationList section */
	};
	rootObject = 36BED40E29F989B10010F8EC /* Project object */;
}
