// !$*UTF8*$!
{
	archiveVersion = 1;
	classes = {
	};
	objectVersion = 46;
	objects = {

/* Begin PBXBuildFile section */
		3675A99614FDBC91007F3750 /* UIKit.framework in Frameworks */ = {isa = PBXBuildFile; fileRef = 3675A99514FDBC91007F3750 /* UIKit.framework */; };
		3675A99814FDBC91007F3750 /* Foundation.framework in Frameworks */ = {isa = PBXBuildFile; fileRef = 3675A99714FDBC91007F3750 /* Foundation.framework */; };
		3675A99A14FDBC91007F3750 /* CoreGraphics.framework in Frameworks */ = {isa = PBXBuildFile; fileRef = 3675A99914FDBC91007F3750 /* CoreGraphics.framework */; };
		3675A9A014FDBC91007F3750 /* InfoPlist.strings in Resources */ = {isa = PBXBuildFile; fileRef = 3675A99E14FDBC91007F3750 /* InfoPlist.strings */; };
		3675A9A214FDBC91007F3750 /* main.m in Sources */ = {isa = PBXBuildFile; fileRef = 3675A9A114FDBC91007F3750 /* main.m */; };
		3675A9A614FDBC91007F3750 /* AppDelegate.m in Sources */ = {isa = PBXBuildFile; fileRef = 3675A9A514FDBC91007F3750 /* AppDelegate.m */; };
		3675A9A914FDBC91007F3750 /* MainStoryboard.storyboard in Resources */ = {isa = PBXBuildFile; fileRef = 3675A9A714FDBC91007F3750 /* MainStoryboard.storyboard */; };
		3675A9AC14FDBC91007F3750 /* ViewController.m in Sources */ = {isa = PBXBuildFile; fileRef = 3675A9AB14FDBC91007F3750 /* ViewController.m */; };
		3675A9E614FE0A14007F3750 /* ItemCell.m in Sources */ = {isa = PBXBuildFile; fileRef = 3675A9E514FE0A14007F3750 /* ItemCell.m */; };
/* End PBXBuildFile section */

/* Begin PBXFileReference section */
		3675A99114FDBC91007F3750 /* tableViewTest.app */ = {isa = PBXFileReference; explicitFileType = wrapper.application; includeInIndex = 0; path = tableViewTest.app; sourceTree = BUILT_PRODUCTS_DIR; };
		3675A99514FDBC91007F3750 /* UIKit.framework */ = {isa = PBXFileReference; lastKnownFileType = wrapper.framework; name = UIKit.framework; path = System/Library/Frameworks/UIKit.framework; sourceTree = SDKROOT; };
		3675A99714FDBC91007F3750 /* Foundation.framework */ = {isa = PBXFileReference; lastKnownFileType = wrapper.framework; name = Foundation.framework; path = System/Library/Frameworks/Foundation.framework; sourceTree = SDKROOT; };
		3675A99914FDBC91007F3750 /* CoreGraphics.framework */ = {isa = PBXFileReference; lastKnownFileType = wrapper.framework; name = CoreGraphics.framework; path = System/Library/Frameworks/CoreGraphics.framework; sourceTree = SDKROOT; };
		3675A99D14FDBC91007F3750 /* tableViewTest-Info.plist */ = {isa = PBXFileReference; lastKnownFileType = text.plist.xml; path = "tableViewTest-Info.plist"; sourceTree = "<group>"; };
		3675A99F14FDBC91007F3750 /* en */ = {isa = PBXFileReference; lastKnownFileType = text.plist.strings; name = en; path = en.lproj/InfoPlist.strings; sourceTree = "<group>"; };
		3675A9A114FDBC91007F3750 /* main.m */ = {isa = PBXFileReference; lastKnownFileType = sourcecode.c.objc; path = main.m; sourceTree = "<group>"; };
		3675A9A314FDBC91007F3750 /* tableViewTest-Prefix.pch */ = {isa = PBXFileReference; lastKnownFileType = sourcecode.c.h; path = "tableViewTest-Prefix.pch"; sourceTree = "<group>"; };
		3675A9A414FDBC91007F3750 /* AppDelegate.h */ = {isa = PBXFileReference; lastKnownFileType = sourcecode.c.h; path = AppDelegate.h; sourceTree = "<group>"; };
		3675A9A514FDBC91007F3750 /* AppDelegate.m */ = {isa = PBXFileReference; lastKnownFileType = sourcecode.c.objc; path = AppDelegate.m; sourceTree = "<group>"; };
		3675A9A814FDBC91007F3750 /* en */ = {isa = PBXFileReference; lastKnownFileType = file.storyboard; name = en; path = en.lproj/MainStoryboard.storyboard; sourceTree = "<group>"; };
		3675A9AA14FDBC91007F3750 /* ViewController.h */ = {isa = PBXFileReference; lastKnownFileType = sourcecode.c.h; path = ViewController.h; sourceTree = "<group>"; };
		3675A9AB14FDBC91007F3750 /* ViewController.m */ = {isa = PBXFileReference; lastKnownFileType = sourcecode.c.objc; path = ViewController.m; sourceTree = "<group>"; };
		3675A9E414FE0A14007F3750 /* ItemCell.h */ = {isa = PBXFileReference; fileEncoding = 4; lastKnownFileType = sourcecode.c.h; path = ItemCell.h; sourceTree = "<group>"; };
		3675A9E514FE0A14007F3750 /* ItemCell.m */ = {isa = PBXFileReference; fileEncoding = 4; lastKnownFileType = sourcecode.c.objc; path = ItemCell.m; sourceTree = "<group>"; };
/* End PBXFileReference section */

/* Begin PBXFrameworksBuildPhase section */
		3675A98E14FDBC91007F3750 /* Frameworks */ = {
			isa = PBXFrameworksBuildPhase;
			buildActionMask = 2147483647;
			files = (
				3675A99614FDBC91007F3750 /* UIKit.framework in Frameworks */,
				3675A99814FDBC91007F3750 /* Foundation.framework in Frameworks */,
				3675A99A14FDBC91007F3750 /* CoreGraphics.framework in Frameworks */,
			);
			runOnlyForDeploymentPostprocessing = 0;
		};
/* End PBXFrameworksBuildPhase section */

/* Begin PBXGroup section */
		3675A98614FDBC91007F3750 = {
			isa = PBXGroup;
			children = (
				3675A99B14FDBC91007F3750 /* tableViewTest */,
				3675A99414FDBC91007F3750 /* Frameworks */,
				3675A99214FDBC91007F3750 /* Products */,
			);
			sourceTree = "<group>";
		};
		3675A99214FDBC91007F3750 /* Products */ = {
			isa = PBXGroup;
			children = (
				3675A99114FDBC91007F3750 /* tableViewTest.app */,
			);
			name = Products;
			sourceTree = "<group>";
		};
		3675A99414FDBC91007F3750 /* Frameworks */ = {
			isa = PBXGroup;
			children = (
				3675A99514FDBC91007F3750 /* UIKit.framework */,
				3675A99714FDBC91007F3750 /* Foundation.framework */,
				3675A99914FDBC91007F3750 /* CoreGraphics.framework */,
			);
			name = Frameworks;
			sourceTree = "<group>";
		};
		3675A99B14FDBC91007F3750 /* tableViewTest */ = {
			isa = PBXGroup;
			children = (
				3675A9A414FDBC91007F3750 /* AppDelegate.h */,
				3675A9A514FDBC91007F3750 /* AppDelegate.m */,
				3675A9E414FE0A14007F3750 /* ItemCell.h */,
				3675A9E514FE0A14007F3750 /* ItemCell.m */,
				3675A9A714FDBC91007F3750 /* MainStoryboard.storyboard */,
				3675A9AA14FDBC91007F3750 /* ViewController.h */,
				3675A9AB14FDBC91007F3750 /* ViewController.m */,
				3675A99C14FDBC91007F3750 /* Supporting Files */,
			);
			path = tableViewTest;
			sourceTree = "<group>";
		};
		3675A99C14FDBC91007F3750 /* Supporting Files */ = {
			isa = PBXGroup;
			children = (
				3675A99D14FDBC91007F3750 /* tableViewTest-Info.plist */,
				3675A99E14FDBC91007F3750 /* InfoPlist.strings */,
				3675A9A114FDBC91007F3750 /* main.m */,
				3675A9A314FDBC91007F3750 /* tableViewTest-Prefix.pch */,
			);
			name = "Supporting Files";
			sourceTree = "<group>";
		};
/* End PBXGroup section */

/* Begin PBXNativeTarget section */
		3675A99014FDBC91007F3750 /* tableViewTest */ = {
			isa = PBXNativeTarget;
			buildConfigurationList = 3675A9AF14FDBC91007F3750 /* Build configuration list for PBXNativeTarget "tableViewTest" */;
			buildPhases = (
				3675A98D14FDBC91007F3750 /* Sources */,
				3675A98E14FDBC91007F3750 /* Frameworks */,
				3675A98F14FDBC91007F3750 /* Resources */,
			);
			buildRules = (
			);
			dependencies = (
			);
			name = tableViewTest;
			productName = tableViewTest;
			productReference = 3675A99114FDBC91007F3750 /* tableViewTest.app */;
			productType = "com.apple.product-type.application";
		};
/* End PBXNativeTarget section */

/* Begin PBXProject section */
		3675A98814FDBC91007F3750 /* Project object */ = {
			isa = PBXProject;
			attributes = {
				LastUpgradeCheck = 0420;
			};
			buildConfigurationList = 3675A98B14FDBC91007F3750 /* Build configuration list for PBXProject "tableViewTest" */;
			compatibilityVersion = "Xcode 3.2";
			developmentRegion = English;
			hasScannedForEncodings = 0;
			knownRegions = (
				en,
			);
			mainGroup = 3675A98614FDBC91007F3750;
			productRefGroup = 3675A99214FDBC91007F3750 /* Products */;
			projectDirPath = "";
			projectRoot = "";
			targets = (
				3675A99014FDBC91007F3750 /* tableViewTest */,
			);
		};
/* End PBXProject section */

/* Begin PBXResourcesBuildPhase section */
		3675A98F14FDBC91007F3750 /* Resources */ = {
			isa = PBXResourcesBuildPhase;
			buildActionMask = 2147483647;
			files = (
				3675A9A014FDBC91007F3750 /* InfoPlist.strings in Resources */,
				3675A9A914FDBC91007F3750 /* MainStoryboard.storyboard in Resources */,
			);
			runOnlyForDeploymentPostprocessing = 0;
		};
/* End PBXResourcesBuildPhase section */

/* Begin PBXSourcesBuildPhase section */
		3675A98D14FDBC91007F3750 /* Sources */ = {
			isa = PBXSourcesBuildPhase;
			buildActionMask = 2147483647;
			files = (
				3675A9A214FDBC91007F3750 /* main.m in Sources */,
				3675A9A614FDBC91007F3750 /* AppDelegate.m in Sources */,
				3675A9AC14FDBC91007F3750 /* ViewController.m in Sources */,
				3675A9E614FE0A14007F3750 /* ItemCell.m in Sources */,
			);
			runOnlyForDeploymentPostprocessing = 0;
		};
/* End PBXSourcesBuildPhase section */

/* Begin PBXVariantGroup section */
		3675A99E14FDBC91007F3750 /* InfoPlist.strings */ = {
			isa = PBXVariantGroup;
			children = (
				3675A99F14FDBC91007F3750 /* en */,
			);
			name = InfoPlist.strings;
			sourceTree = "<group>";
		};
		3675A9A714FDBC91007F3750 /* MainStoryboard.storyboard */ = {
			isa = PBXVariantGroup;
			children = (
				3675A9A814FDBC91007F3750 /* en */,
			);
			name = MainStoryboard.storyboard;
			sourceTree = "<group>";
		};
/* End PBXVariantGroup section */

/* Begin XCBuildConfiguration section */
		3675A9AD14FDBC91007F3750 /* Debug */ = {
			isa = XCBuildConfiguration;
			buildSettings = {
				ALWAYS_SEARCH_USER_PATHS = NO;
				ARCHS = "$(ARCHS_STANDARD_32_BIT)";
				CLANG_ENABLE_OBJC_ARC = YES;
				"CODE_SIGN_IDENTITY[sdk=iphoneos*]" = "iPhone Developer";
				COPY_PHASE_STRIP = NO;
				GCC_C_LANGUAGE_STANDARD = gnu99;
				GCC_DYNAMIC_NO_PIC = NO;
				GCC_OPTIMIZATION_LEVEL = 0;
				GCC_PREPROCESSOR_DEFINITIONS = (
					"DEBUG=1",
					"$(inherited)",
				);
				GCC_SYMBOLS_PRIVATE_EXTERN = NO;
				GCC_VERSION = com.apple.compilers.llvm.clang.1_0;
				GCC_WARN_ABOUT_MISSING_PROTOTYPES = YES;
				GCC_WARN_ABOUT_RETURN_TYPE = YES;
				GCC_WARN_UNUSED_VARIABLE = YES;
				IPHONEOS_DEPLOYMENT_TARGET = 5.0;
				SDKROOT = iphoneos;
			};
			name = Debug;
		};
		3675A9AE14FDBC91007F3750 /* Release */ = {
			isa = XCBuildConfiguration;
			buildSettings = {
				ALWAYS_SEARCH_USER_PATHS = NO;
				ARCHS = "$(ARCHS_STANDARD_32_BIT)";
				CLANG_ENABLE_OBJC_ARC = YES;
				"CODE_SIGN_IDENTITY[sdk=iphoneos*]" = "iPhone Developer";
				COPY_PHASE_STRIP = YES;
				GCC_C_LANGUAGE_STANDARD = gnu99;
				GCC_VERSION = com.apple.compilers.llvm.clang.1_0;
				GCC_WARN_ABOUT_MISSING_PROTOTYPES = YES;
				GCC_WARN_ABOUT_RETURN_TYPE = YES;
				GCC_WARN_UNUSED_VARIABLE = YES;
				IPHONEOS_DEPLOYMENT_TARGET = 5.0;
				OTHER_CFLAGS = "-DNS_BLOCK_ASSERTIONS=1";
				SDKROOT = iphoneos;
				VALIDATE_PRODUCT = YES;
			};
			name = Release;
		};
		3675A9B014FDBC91007F3750 /* Debug */ = {
			isa = XCBuildConfiguration;
			buildSettings = {
				GCC_PRECOMPILE_PREFIX_HEADER = YES;
				GCC_PREFIX_HEADER = "tableViewTest/tableViewTest-Prefix.pch";
				INFOPLIST_FILE = "tableViewTest/tableViewTest-Info.plist";
				PRODUCT_NAME = "$(TARGET_NAME)";
				WRAPPER_EXTENSION = app;
			};
			name = Debug;
		};
		3675A9B114FDBC91007F3750 /* Release */ = {
			isa = XCBuildConfiguration;
			buildSettings = {
				GCC_PRECOMPILE_PREFIX_HEADER = YES;
				GCC_PREFIX_HEADER = "tableViewTest/tableViewTest-Prefix.pch";
				INFOPLIST_FILE = "tableViewTest/tableViewTest-Info.plist";
				PRODUCT_NAME = "$(TARGET_NAME)";
				WRAPPER_EXTENSION = app;
			};
			name = Release;
		};
/* End XCBuildConfiguration section */

/* Begin XCConfigurationList section */
		3675A98B14FDBC91007F3750 /* Build configuration list for PBXProject "tableViewTest" */ = {
			isa = XCConfigurationList;
			buildConfigurations = (
				3675A9AD14FDBC91007F3750 /* Debug */,
				3675A9AE14FDBC91007F3750 /* Release */,
			);
			defaultConfigurationIsVisible = 0;
			defaultConfigurationName = Release;
		};
		3675A9AF14FDBC91007F3750 /* Build configuration list for PBXNativeTarget "tableViewTest" */ = {
			isa = XCConfigurationList;
			buildConfigurations = (
				3675A9B014FDBC91007F3750 /* Debug */,
				3675A9B114FDBC91007F3750 /* Release */,
			);
			defaultConfigurationIsVisible = 0;
		};
/* End XCConfigurationList section */
	};
	rootObject = 3675A98814FDBC91007F3750 /* Project object */;
}
